<?xml version="1.0" encoding="utf-8"?>
<Project ToolsVersion="4.0" xmlns="http://schemas.microsoft.com/developer/msbuild/2003">
  <ItemGroup>
    <Filter Include="external">
      <UniqueIdentifier>{f0f04fd9-1faa-4e00-82d2-0db84952576d}</UniqueIdentifier>
    </Filter>
    <Filter Include="external\include">
      <UniqueIdentifier>{2de3c313-696c-4321-b310-3dda8d6bf8bd}</UniqueIdentifier>
    </Filter>
    <Filter Include="external\lib">
      <UniqueIdentifier>{d8b42b8f-c5c2-4937-b88f-cdb2c2bc91bc}</UniqueIdentifier>
    </Filter>
    <Filter Include="external\include\sdl">
      <UniqueIdentifier>{fc1ea4ab-0d2c-4609-bbd6-a9743810019f}</UniqueIdentifier>
    </Filter>
    <Filter Include="src">
      <UniqueIdentifier>{14206e39-7229-469c-ae95-4aef47beb571}</UniqueIdentifier>
    </Filter>
    <Filter Include="src\math">
      <UniqueIdentifier>{4ff3d53d-4ef5-4606-a0b3-150eba022389}</UniqueIdentifier>
    </Filter>
    <Filter Include="external\dll">
      <UniqueIdentifier>{9e0916dd-0aae-44ba-82f9-543abcd3ba39}</UniqueIdentifier>
    </Filter>
    <Filter Include="src\custom">
      <UniqueIdentifier>{66ce1c8e-3cb6-40f2-84ca-0caf839f8d96}</UniqueIdentifier>
    </Filter>
    <Filter Include="src\scenes">
      <UniqueIdentifier>{bf2c8094-a278-49e2-bf7f-e79025b4a7cc}</UniqueIdentifier>
    </Filter>
    <Filter Include="src\graphics">
      <UniqueIdentifier>{b60bb5c0-816f-46bd-9c76-bf84a2b53a55}</UniqueIdentifier>
    </Filter>
    <Filter Include="src\components">
      <UniqueIdentifier>{f0da421f-0277-44c5-b373-00d6bda46e48}</UniqueIdentifier>
    </Filter>
    <Filter Include="external\include\glew">
      <UniqueIdentifier>{8885e96b-8168-4f2f-ba4d-6f65fe6a1d1d}</UniqueIdentifier>
    </Filter>
    <Filter Include="src\ECS">
      <UniqueIdentifier>{87d7b294-fbe5-4640-9e32-04ce723a19bc}</UniqueIdentifier>
    </Filter>
    <Filter Include="src\ECS\Components">
      <UniqueIdentifier>{a3077d6c-be63-4f30-b50a-206b163697f0}</UniqueIdentifier>
    </Filter>
    <Filter Include="src\Shaders">
      <UniqueIdentifier>{c52913d4-9d62-4cf0-b054-2a46ae3be6fa}</UniqueIdentifier>
    </Filter>
  </ItemGroup>
  <ItemGroup>
    <ClInclude Include="external\include\sdl\begin_code.h">
      <Filter>external\include\sdl</Filter>
    </ClInclude>
    <ClInclude Include="external\include\sdl\close_code.h">
      <Filter>external\include\sdl</Filter>
    </ClInclude>
    <ClInclude Include="external\include\sdl\SDL.h">
      <Filter>external\include\sdl</Filter>
    </ClInclude>
    <ClInclude Include="external\include\sdl\SDL_assert.h">
      <Filter>external\include\sdl</Filter>
    </ClInclude>
    <ClInclude Include="external\include\sdl\SDL_atomic.h">
      <Filter>external\include\sdl</Filter>
    </ClInclude>
    <ClInclude Include="external\include\sdl\SDL_audio.h">
      <Filter>external\include\sdl</Filter>
    </ClInclude>
    <ClInclude Include="external\include\sdl\SDL_bits.h">
      <Filter>external\include\sdl</Filter>
    </ClInclude>
    <ClInclude Include="external\include\sdl\SDL_blendmode.h">
      <Filter>external\include\sdl</Filter>
    </ClInclude>
    <ClInclude Include="external\include\sdl\SDL_clipboard.h">
      <Filter>external\include\sdl</Filter>
    </ClInclude>
    <ClInclude Include="external\include\sdl\SDL_config.h">
      <Filter>external\include\sdl</Filter>
    </ClInclude>
    <ClInclude Include="external\include\sdl\SDL_config_android.h">
      <Filter>external\include\sdl</Filter>
    </ClInclude>
    <ClInclude Include="external\include\sdl\SDL_config_iphoneos.h">
      <Filter>external\include\sdl</Filter>
    </ClInclude>
    <ClInclude Include="external\include\sdl\SDL_config_macosx.h">
      <Filter>external\include\sdl</Filter>
    </ClInclude>
    <ClInclude Include="external\include\sdl\SDL_config_minimal.h">
      <Filter>external\include\sdl</Filter>
    </ClInclude>
    <ClInclude Include="external\include\sdl\SDL_config_pandora.h">
      <Filter>external\include\sdl</Filter>
    </ClInclude>
    <ClInclude Include="external\include\sdl\SDL_config_psp.h">
      <Filter>external\include\sdl</Filter>
    </ClInclude>
    <ClInclude Include="external\include\sdl\SDL_config_windows.h">
      <Filter>external\include\sdl</Filter>
    </ClInclude>
    <ClInclude Include="external\include\sdl\SDL_config_winrt.h">
      <Filter>external\include\sdl</Filter>
    </ClInclude>
    <ClInclude Include="external\include\sdl\SDL_config_wiz.h">
      <Filter>external\include\sdl</Filter>
    </ClInclude>
    <ClInclude Include="external\include\sdl\SDL_copying.h">
      <Filter>external\include\sdl</Filter>
    </ClInclude>
    <ClInclude Include="external\include\sdl\SDL_cpuinfo.h">
      <Filter>external\include\sdl</Filter>
    </ClInclude>
    <ClInclude Include="external\include\sdl\SDL_egl.h">
      <Filter>external\include\sdl</Filter>
    </ClInclude>
    <ClInclude Include="external\include\sdl\SDL_endian.h">
      <Filter>external\include\sdl</Filter>
    </ClInclude>
    <ClInclude Include="external\include\sdl\SDL_error.h">
      <Filter>external\include\sdl</Filter>
    </ClInclude>
    <ClInclude Include="external\include\sdl\SDL_events.h">
      <Filter>external\include\sdl</Filter>
    </ClInclude>
    <ClInclude Include="external\include\sdl\SDL_filesystem.h">
      <Filter>external\include\sdl</Filter>
    </ClInclude>
    <ClInclude Include="external\include\sdl\SDL_gamecontroller.h">
      <Filter>external\include\sdl</Filter>
    </ClInclude>
    <ClInclude Include="external\include\sdl\SDL_gesture.h">
      <Filter>external\include\sdl</Filter>
    </ClInclude>
    <ClInclude Include="external\include\sdl\SDL_haptic.h">
      <Filter>external\include\sdl</Filter>
    </ClInclude>
    <ClInclude Include="external\include\sdl\SDL_hints.h">
      <Filter>external\include\sdl</Filter>
    </ClInclude>
    <ClInclude Include="external\include\sdl\SDL_image.h">
      <Filter>external\include\sdl</Filter>
    </ClInclude>
    <ClInclude Include="external\include\sdl\SDL_joystick.h">
      <Filter>external\include\sdl</Filter>
    </ClInclude>
    <ClInclude Include="external\include\sdl\SDL_keyboard.h">
      <Filter>external\include\sdl</Filter>
    </ClInclude>
    <ClInclude Include="external\include\sdl\SDL_keycode.h">
      <Filter>external\include\sdl</Filter>
    </ClInclude>
    <ClInclude Include="external\include\sdl\SDL_loadso.h">
      <Filter>external\include\sdl</Filter>
    </ClInclude>
    <ClInclude Include="external\include\sdl\SDL_log.h">
      <Filter>external\include\sdl</Filter>
    </ClInclude>
    <ClInclude Include="external\include\sdl\SDL_main.h">
      <Filter>external\include\sdl</Filter>
    </ClInclude>
    <ClInclude Include="external\include\sdl\SDL_messagebox.h">
      <Filter>external\include\sdl</Filter>
    </ClInclude>
    <ClInclude Include="external\include\sdl\SDL_mixer.h">
      <Filter>external\include\sdl</Filter>
    </ClInclude>
    <ClInclude Include="external\include\sdl\SDL_mouse.h">
      <Filter>external\include\sdl</Filter>
    </ClInclude>
    <ClInclude Include="external\include\sdl\SDL_mutex.h">
      <Filter>external\include\sdl</Filter>
    </ClInclude>
    <ClInclude Include="external\include\sdl\SDL_name.h">
      <Filter>external\include\sdl</Filter>
    </ClInclude>
    <ClInclude Include="external\include\sdl\SDL_net.h">
      <Filter>external\include\sdl</Filter>
    </ClInclude>
    <ClInclude Include="external\include\sdl\SDL_opengl.h">
      <Filter>external\include\sdl</Filter>
    </ClInclude>
    <ClInclude Include="external\include\sdl\SDL_opengl_glext.h">
      <Filter>external\include\sdl</Filter>
    </ClInclude>
    <ClInclude Include="external\include\sdl\SDL_opengles.h">
      <Filter>external\include\sdl</Filter>
    </ClInclude>
    <ClInclude Include="external\include\sdl\SDL_opengles2.h">
      <Filter>external\include\sdl</Filter>
    </ClInclude>
    <ClInclude Include="external\include\sdl\SDL_opengles2_gl2.h">
      <Filter>external\include\sdl</Filter>
    </ClInclude>
    <ClInclude Include="external\include\sdl\SDL_opengles2_gl2ext.h">
      <Filter>external\include\sdl</Filter>
    </ClInclude>
    <ClInclude Include="external\include\sdl\SDL_opengles2_gl2platform.h">
      <Filter>external\include\sdl</Filter>
    </ClInclude>
    <ClInclude Include="external\include\sdl\SDL_opengles2_khrplatform.h">
      <Filter>external\include\sdl</Filter>
    </ClInclude>
    <ClInclude Include="external\include\sdl\SDL_pixels.h">
      <Filter>external\include\sdl</Filter>
    </ClInclude>
    <ClInclude Include="external\include\sdl\SDL_platform.h">
      <Filter>external\include\sdl</Filter>
    </ClInclude>
    <ClInclude Include="external\include\sdl\SDL_power.h">
      <Filter>external\include\sdl</Filter>
    </ClInclude>
    <ClInclude Include="external\include\sdl\SDL_quit.h">
      <Filter>external\include\sdl</Filter>
    </ClInclude>
    <ClInclude Include="external\include\sdl\SDL_rect.h">
      <Filter>external\include\sdl</Filter>
    </ClInclude>
    <ClInclude Include="external\include\sdl\SDL_render.h">
      <Filter>external\include\sdl</Filter>
    </ClInclude>
    <ClInclude Include="external\include\sdl\SDL_revision.h">
      <Filter>external\include\sdl</Filter>
    </ClInclude>
    <ClInclude Include="external\include\sdl\SDL_rwops.h">
      <Filter>external\include\sdl</Filter>
    </ClInclude>
    <ClInclude Include="external\include\sdl\SDL_scancode.h">
      <Filter>external\include\sdl</Filter>
    </ClInclude>
    <ClInclude Include="external\include\sdl\SDL_shape.h">
      <Filter>external\include\sdl</Filter>
    </ClInclude>
    <ClInclude Include="external\include\sdl\SDL_stdinc.h">
      <Filter>external\include\sdl</Filter>
    </ClInclude>
    <ClInclude Include="external\include\sdl\SDL_surface.h">
      <Filter>external\include\sdl</Filter>
    </ClInclude>
    <ClInclude Include="external\include\sdl\SDL_system.h">
      <Filter>external\include\sdl</Filter>
    </ClInclude>
    <ClInclude Include="external\include\sdl\SDL_syswm.h">
      <Filter>external\include\sdl</Filter>
    </ClInclude>
    <ClInclude Include="external\include\sdl\SDL_test.h">
      <Filter>external\include\sdl</Filter>
    </ClInclude>
    <ClInclude Include="external\include\sdl\SDL_test_assert.h">
      <Filter>external\include\sdl</Filter>
    </ClInclude>
    <ClInclude Include="external\include\sdl\SDL_test_common.h">
      <Filter>external\include\sdl</Filter>
    </ClInclude>
    <ClInclude Include="external\include\sdl\SDL_test_compare.h">
      <Filter>external\include\sdl</Filter>
    </ClInclude>
    <ClInclude Include="external\include\sdl\SDL_test_crc32.h">
      <Filter>external\include\sdl</Filter>
    </ClInclude>
    <ClInclude Include="external\include\sdl\SDL_test_font.h">
      <Filter>external\include\sdl</Filter>
    </ClInclude>
    <ClInclude Include="external\include\sdl\SDL_test_fuzzer.h">
      <Filter>external\include\sdl</Filter>
    </ClInclude>
    <ClInclude Include="external\include\sdl\SDL_test_harness.h">
      <Filter>external\include\sdl</Filter>
    </ClInclude>
    <ClInclude Include="external\include\sdl\SDL_test_images.h">
      <Filter>external\include\sdl</Filter>
    </ClInclude>
    <ClInclude Include="external\include\sdl\SDL_test_log.h">
      <Filter>external\include\sdl</Filter>
    </ClInclude>
    <ClInclude Include="external\include\sdl\SDL_test_md5.h">
      <Filter>external\include\sdl</Filter>
    </ClInclude>
    <ClInclude Include="external\include\sdl\SDL_test_memory.h">
      <Filter>external\include\sdl</Filter>
    </ClInclude>
    <ClInclude Include="external\include\sdl\SDL_test_random.h">
      <Filter>external\include\sdl</Filter>
    </ClInclude>
    <ClInclude Include="external\include\sdl\SDL_thread.h">
      <Filter>external\include\sdl</Filter>
    </ClInclude>
    <ClInclude Include="external\include\sdl\SDL_timer.h">
      <Filter>external\include\sdl</Filter>
    </ClInclude>
    <ClInclude Include="external\include\sdl\SDL_touch.h">
      <Filter>external\include\sdl</Filter>
    </ClInclude>
    <ClInclude Include="external\include\sdl\SDL_ttf.h">
      <Filter>external\include\sdl</Filter>
    </ClInclude>
    <ClInclude Include="external\include\sdl\SDL_types.h">
      <Filter>external\include\sdl</Filter>
    </ClInclude>
    <ClInclude Include="external\include\sdl\SDL_version.h">
      <Filter>external\include\sdl</Filter>
    </ClInclude>
    <ClInclude Include="external\include\sdl\SDL_video.h">
      <Filter>external\include\sdl</Filter>
    </ClInclude>
    <ClInclude Include="external\include\sdl\SDL_vulkan.h">
      <Filter>external\include\sdl</Filter>
    </ClInclude>
    <ClInclude Include="external\include\glew\eglew.h">
      <Filter>external\include\glew</Filter>
    </ClInclude>
    <ClInclude Include="external\include\glew\glew.h">
      <Filter>external\include\glew</Filter>
    </ClInclude>
    <ClInclude Include="external\include\glew\glxew.h">
      <Filter>external\include\glew</Filter>
    </ClInclude>
    <ClInclude Include="external\include\glew\wglew.h">
      <Filter>external\include\glew</Filter>
    </ClInclude>
    <ClInclude Include="external\include\imgui\imconfig.h" />
    <ClInclude Include="external\include\imgui\imgui.h" />
    <ClInclude Include="external\include\imgui\imgui_impl_opengl3.h" />
    <ClInclude Include="external\include\imgui\imgui_impl_sdl.h" />
    <ClInclude Include="external\include\imgui\imgui_internal.h" />
    <ClInclude Include="external\include\imgui\imstb_rectpack.h" />
    <ClInclude Include="external\include\imgui\imstb_textedit.h" />
    <ClInclude Include="external\include\imgui\imstb_truetype.h" />
    <ClInclude Include="external\include\fmod\fmod.h" />
    <ClInclude Include="external\include\fmod\fmod.hpp" />
    <ClInclude Include="external\include\fmod\fmod_codec.h" />
    <ClInclude Include="external\include\fmod\fmod_common.h" />
    <ClInclude Include="external\include\fmod\fmod_dsp.h" />
    <ClInclude Include="external\include\fmod\fmod_dsp_effects.h" />
    <ClInclude Include="external\include\fmod\fmod_errors.h" />
    <ClInclude Include="external\include\fmod\fmod_output.h" />
    <ClInclude Include="external\include\assimp\Compiler\poppack1.h" />
    <ClInclude Include="external\include\assimp\Compiler\pstdint.h" />
    <ClInclude Include="external\include\assimp\Compiler\pushpack1.h" />
    <ClInclude Include="external\include\assimp\port\AndroidJNI\AndroidJNIIOSystem.h" />
    <ClInclude Include="external\include\assimp\aabb.h" />
    <ClInclude Include="external\include\assimp\ai_assert.h" />
    <ClInclude Include="external\include\assimp\anim.h" />
    <ClInclude Include="external\include\assimp\BaseImporter.h" />
    <ClInclude Include="external\include\assimp\Bitmap.h" />
    <ClInclude Include="external\include\assimp\BlobIOSystem.h" />
    <ClInclude Include="external\include\assimp\ByteSwapper.h" />
    <ClInclude Include="external\include\assimp\camera.h" />
    <ClInclude Include="external\include\assimp\cexport.h" />
    <ClInclude Include="external\include\assimp\cfileio.h" />
    <ClInclude Include="external\include\assimp\cimport.h" />
    <ClInclude Include="external\include\assimp\color4.h" />
    <ClInclude Include="external\include\assimp\config.h" />
    <ClInclude Include="external\include\assimp\CreateAnimMesh.h" />
    <ClInclude Include="external\include\assimp\DefaultIOStream.h" />
    <ClInclude Include="external\include\assimp\DefaultIOSystem.h" />
    <ClInclude Include="external\include\assimp\DefaultLogger.hpp" />
    <ClInclude Include="external\include\assimp\Defines.h" />
    <ClInclude Include="external\include\assimp\defs.h" />
    <ClInclude Include="external\include\assimp\Exceptional.h" />
    <ClInclude Include="external\include\assimp\Exporter.hpp" />
    <ClInclude Include="external\include\assimp\fast_atof.h" />
    <ClInclude Include="external\include\assimp\GenericProperty.h" />
    <ClInclude Include="external\include\assimp\Hash.h" />
    <ClInclude Include="external\include\assimp\Importer.hpp" />
    <ClInclude Include="external\include\assimp\importerdesc.h" />
    <ClInclude Include="external\include\assimp\IOStream.hpp" />
    <ClInclude Include="external\include\assimp\IOStreamBuffer.h" />
    <ClInclude Include="external\include\assimp\IOSystem.hpp" />
    <ClInclude Include="external\include\assimp\irrXMLWrapper.h" />
    <ClInclude Include="external\include\assimp\light.h" />
    <ClInclude Include="external\include\assimp\LineSplitter.h" />
    <ClInclude Include="external\include\assimp\LogAux.h" />
    <ClInclude Include="external\include\assimp\Logger.hpp" />
    <ClInclude Include="external\include\assimp\LogStream.hpp" />
    <ClInclude Include="external\include\assimp\Macros.h" />
    <ClInclude Include="external\include\assimp\material.h" />
    <ClInclude Include="external\include\assimp\MathFunctions.h" />
    <ClInclude Include="external\include\assimp\matrix3x3.h" />
    <ClInclude Include="external\include\assimp\matrix4x4.h" />
    <ClInclude Include="external\include\assimp\MemoryIOWrapper.h" />
    <ClInclude Include="external\include\assimp\mesh.h" />
    <ClInclude Include="external\include\assimp\metadata.h" />
    <ClInclude Include="external\include\assimp\NullLogger.hpp" />
    <ClInclude Include="external\include\assimp\ParsingUtils.h" />
    <ClInclude Include="external\include\assimp\pbrmaterial.h" />
    <ClInclude Include="external\include\assimp\postprocess.h" />
    <ClInclude Include="external\include\assimp\Profiler.h" />
    <ClInclude Include="external\include\assimp\ProgressHandler.hpp" />
    <ClInclude Include="external\include\assimp\qnan.h" />
    <ClInclude Include="external\include\assimp\quaternion.h" />
    <ClInclude Include="external\include\assimp\RemoveComments.h" />
    <ClInclude Include="external\include\assimp\scene.h" />
    <ClInclude Include="external\include\assimp\SceneCombiner.h" />
    <ClInclude Include="external\include\assimp\SGSpatialSort.h" />
    <ClInclude Include="external\include\assimp\SkeletonMeshBuilder.h" />
    <ClInclude Include="external\include\assimp\SmoothingGroups.h" />
    <ClInclude Include="external\include\assimp\SpatialSort.h" />
    <ClInclude Include="external\include\assimp\StandardShapes.h" />
    <ClInclude Include="external\include\assimp\StreamReader.h" />
    <ClInclude Include="external\include\assimp\StreamWriter.h" />
    <ClInclude Include="external\include\assimp\StringComparison.h" />
    <ClInclude Include="external\include\assimp\StringUtils.h" />
    <ClInclude Include="external\include\assimp\Subdivision.h" />
    <ClInclude Include="external\include\assimp\texture.h" />
    <ClInclude Include="external\include\assimp\TinyFormatter.h" />
    <ClInclude Include="external\include\assimp\types.h" />
    <ClInclude Include="external\include\assimp\vector2.h" />
    <ClInclude Include="external\include\assimp\vector3.h" />
    <ClInclude Include="external\include\assimp\version.h" />
    <ClInclude Include="external\include\assimp\Vertex.h" />
    <ClInclude Include="external\include\assimp\XMLTools.h" />
    <ClInclude Include="external\include\assimp\ZipArchiveIOSystem.h" />
    <ClInclude Include="external\include\tinyxml2\tinyxml2.h" />
    <ClInclude Include="game\Game1.h" />
    <ClInclude Include="engine\audio\AudioManager.h" />
    <ClInclude Include="engine\audio\AudioUtility.h" />
    <ClInclude Include="engine\audio\SoundAttributes.h" />
    <ClInclude Include="engine\components\2D\Collider.h" />
    <ClInclude Include="engine\components\2D\RigidBodyComponent.h" />
    <ClInclude Include="engine\components\2D\SpriteComponent.h">
      <Filter>src\ECS\Components</Filter>
    </ClInclude>
    <ClInclude Include="engine\components\3D\Collider3D.h" />
    <ClInclude Include="engine\components\3D\LightComponent.h" />
    <ClInclude Include="engine\components\3D\MeshRenderer.h" />
    <ClInclude Include="engine\components\3D\RigidBody3D.h" />
    <ClInclude Include="engine\components\AudioListenerComponent.h" />
    <ClInclude Include="engine\components\AudioSourceComponent.h" />
    <ClInclude Include="engine\components\Components.h">
      <Filter>src\ECS\Components</Filter>
    </ClInclude>
    <ClInclude Include="engine\components\ECS.h">
      <Filter>src\ECS</Filter>
    </ClInclude>
    <ClInclude Include="engine\components\Transform.h">
      <Filter>src\ECS\Components</Filter>
    </ClInclude>
    <ClInclude Include="engine\core\2D\Physics2D.h" />
    <ClInclude Include="engine\core\3D\Physics3D.h" />
    <ClInclude Include="engine\core\3D\Renderer.h" />
    <ClInclude Include="engine\core\CoreEngine.h">
      <Filter>src</Filter>
    </ClInclude>
    <ClInclude Include="engine\core\Debug.h" />
    <ClInclude Include="engine\core\GameInterface.h" />
    <ClInclude Include="engine\core\Globals.h" />
    <ClInclude Include="engine\core\InputManager.h" />
    <ClInclude Include="engine\core\Logger.h" />
    <ClInclude Include="engine\core\ModelManager.h" />
    <ClInclude Include="engine\core\MouseEventDispatcher.h" />
    <ClInclude Include="engine\core\MouseEventListener.h" />
    <ClInclude Include="engine\core\OctSpatialPartition.h" />
    <ClInclude Include="engine\core\ShaderManager.h" />
    <ClInclude Include="engine\core\TextureManager.h" />
    <ClInclude Include="engine\core\Timer.h">
      <Filter>src</Filter>
    </ClInclude>
    <ClInclude Include="engine\graphics\CustomUI.h" />
    <ClInclude Include="engine\graphics\Mesh.h" />
    <ClInclude Include="engine\graphics\Model.h" />
    <ClInclude Include="engine\graphics\Shader.h" />
    <ClInclude Include="engine\graphics\ShaderProgram.h" />
    <ClInclude Include="engine\graphics\Texture.h">
      <Filter>src\ECS</Filter>
    </ClInclude>
    <ClInclude Include="engine\graphics\Vertex.h" />
    <ClInclude Include="engine\graphics\Window.h">
      <Filter>src\graphics</Filter>
    </ClInclude>
    <ClInclude Include="engine\math\Matrix.h">
      <Filter>src\math</Filter>
    </ClInclude>
    <ClInclude Include="engine\math\MMath.h">
      <Filter>src\math</Filter>
    </ClInclude>
    <ClInclude Include="engine\math\Plane.h" />
    <ClInclude Include="engine\math\Quaternion.h" />
    <ClInclude Include="engine\math\Ray.h" />
    <ClInclude Include="engine\math\Vector.h">
      <Filter>src\math</Filter>
    </ClInclude>
    <ClInclude Include="engine\math\VMath.h">
      <Filter>src\math</Filter>
    </ClInclude>
    <ClInclude Include="engine\scenes\Scene.h">
      <Filter>src\scenes</Filter>
    </ClInclude>
    <ClInclude Include="engine\scenes\Scene1.h">
      <Filter>src\scenes</Filter>
    </ClInclude>
    <ClInclude Include="engine\scenes\Scene2.h" />
    <ClInclude Include="engine\Primitives\Box.h" />
    <ClInclude Include="engine\Primitives\PlaneObject.h" />
    <ClInclude Include="engine\Primitives\Primitives.h" />
    <ClInclude Include="engine\Primitives\Sphere.h" />
    <ClInclude Include="engine\Rendering\Camera.h" />
    <ClInclude Include="engine\Rendering\Instancer.h" />
    <ClInclude Include="engine\Rendering\SkyBox.h" />
    <ClInclude Include="engine\Rendering\Water.h" />
    <ClInclude Include="game\custom\Bird.h" />
    <ClInclude Include="game\custom\Grass.h" />
    <ClInclude Include="game\custom\LightObject.h" />
    <ClInclude Include="game\custom\MouseRay.h" />
    <ClInclude Include="game\custom\Player.h" />
    <ClInclude Include="game\custom\TestModel.h" />
  </ItemGroup>
  <ItemGroup>
    <ClCompile Include="external\include\imgui\imgui.cpp" />
    <ClCompile Include="external\include\imgui\imgui_demo.cpp" />
    <ClCompile Include="external\include\imgui\imgui_draw.cpp" />
    <ClCompile Include="external\include\imgui\imgui_impl_opengl3.cpp" />
    <ClCompile Include="external\include\imgui\imgui_impl_sdl.cpp" />
    <ClCompile Include="external\include\imgui\imgui_widgets.cpp" />
    <ClCompile Include="external\include\tinyxml2\tinyxml2.cpp" />
    <ClCompile Include="game\Game1.cpp" />
    <ClCompile Include="engine\audio\AudioManager.cpp" />
    <ClCompile Include="engine\audio\AudioUtility.cpp" />
    <ClCompile Include="engine\audio\SoundAttributes.cpp" />
    <ClCompile Include="engine\components\2D\RigidBodyComponent.cpp" />
    <ClCompile Include="engine\components\2D\SpriteComponent.cpp" />
    <ClCompile Include="engine\components\3D\LightComponent.cpp" />
    <ClCompile Include="engine\components\3D\MeshRenderer.cpp" />
    <ClCompile Include="engine\components\3D\RigidBody3D.cpp" />
    <ClCompile Include="engine\components\AudioListenerComponent.cpp" />
    <ClCompile Include="engine\components\AudioSourceComponent.cpp" />
    <ClCompile Include="engine\components\ECS.cpp" />
    <ClCompile Include="engine\components\Transform.cpp" />
    <ClCompile Include="engine\core\2D\Physics2D.cpp" />
    <ClCompile Include="engine\core\3D\Physics3D.cpp" />
    <ClCompile Include="engine\core\3D\Renderer.cpp" />
    <ClCompile Include="engine\core\CoreEngine.cpp">
      <Filter>src</Filter>
    </ClCompile>
    <ClCompile Include="engine\core\Debug.cpp" />
    <ClCompile Include="engine\core\GameInterface.cpp" />
    <ClCompile Include="engine\core\Globals.cpp" />
    <ClCompile Include="engine\core\InputManager.cpp" />
    <ClCompile Include="engine\core\Logger.cpp" />
    <ClCompile Include="engine\core\Main.cpp">
      <Filter>src</Filter>
    </ClCompile>
    <ClCompile Include="engine\core\ModelManager.cpp" />
    <ClCompile Include="engine\core\MouseEventDispatcher.cpp" />
    <ClCompile Include="engine\core\MouseEventListener.cpp" />
    <ClCompile Include="engine\core\OctSpatialPartition.cpp" />
    <ClCompile Include="engine\core\ShaderManager.cpp" />
    <ClCompile Include="engine\core\TextureManager.cpp" />
    <ClCompile Include="engine\core\Timer.cpp">
      <Filter>src</Filter>
    </ClCompile>
    <ClCompile Include="engine\graphics\CustomUI.cpp" />
    <ClCompile Include="engine\graphics\Mesh.cpp" />
    <ClCompile Include="engine\graphics\Model.cpp" />
    <ClCompile Include="engine\graphics\Shader.cpp" />
    <ClCompile Include="engine\graphics\ShaderProgram.cpp" />
    <ClCompile Include="engine\graphics\Texture.cpp">
      <Filter>src\ECS</Filter>
    </ClCompile>
    <ClCompile Include="engine\graphics\Window.cpp">
      <Filter>src\graphics</Filter>
    </ClCompile>
    <ClCompile Include="engine\math\MMath.cpp">
      <Filter>src\math</Filter>
    </ClCompile>
    <ClCompile Include="engine\math\Plane.cpp" />
    <ClCompile Include="engine\math\Quaternion.cpp" />
    <ClCompile Include="engine\math\Ray.cpp" />
    <ClCompile Include="engine\math\Vector.cpp">
      <Filter>src\math</Filter>
    </ClCompile>
    <ClCompile Include="engine\math\VMath.cpp">
      <Filter>src\math</Filter>
    </ClCompile>
    <ClCompile Include="engine\scenes\Scene.cpp" />
    <ClCompile Include="engine\scenes\Scene1.cpp">
      <Filter>src\scenes</Filter>
    </ClCompile>
    <ClCompile Include="engine\scenes\Scene2.cpp" />
    <ClCompile Include="engine\Primitives\Box.cpp" />
    <ClCompile Include="engine\Primitives\PlaneObject.cpp" />
    <ClCompile Include="engine\Primitives\Sphere.cpp" />
    <ClCompile Include="engine\Rendering\Camera.cpp" />
    <ClCompile Include="engine\Rendering\Instancer.cpp" />
    <ClCompile Include="engine\Rendering\SkyBox.cpp" />
    <ClCompile Include="engine\Rendering\Water.cpp" />
    <ClCompile Include="game\custom\Bird.cpp" />
    <ClCompile Include="game\custom\Grass.cpp" />
    <ClCompile Include="game\custom\LightObject.cpp" />
    <ClCompile Include="game\custom\MouseRay.cpp" />
    <ClCompile Include="game\custom\Player.cpp" />
    <ClCompile Include="game\custom\TestModel.cpp" />
  </ItemGroup>
  <ItemGroup>
    <None Include="external\dll\glew32.dll">
      <Filter>external\dll</Filter>
    </None>
    <None Include="external\dll\libFLAC-8.dll">
      <Filter>external\dll</Filter>
    </None>
    <None Include="external\dll\libfreetype-6.dll">
      <Filter>external\dll</Filter>
    </None>
    <None Include="external\dll\libjpeg-9.dll">
      <Filter>external\dll</Filter>
    </None>
    <None Include="external\dll\libmikmod-2.dll">
      <Filter>external\dll</Filter>
    </None>
    <None Include="external\dll\libmodplug-1.dll">
      <Filter>external\dll</Filter>
    </None>
    <None Include="external\dll\libogg-0.dll">
      <Filter>external\dll</Filter>
    </None>
    <None Include="external\dll\libpng16-16.dll">
      <Filter>external\dll</Filter>
    </None>
    <None Include="external\dll\libtiff-5.dll">
      <Filter>external\dll</Filter>
    </None>
    <None Include="external\dll\libvorbis-0.dll">
      <Filter>external\dll</Filter>
    </None>
    <None Include="external\dll\libvorbisfile-3.dll">
      <Filter>external\dll</Filter>
    </None>
    <None Include="external\dll\libwebp-4.dll">
      <Filter>external\dll</Filter>
    </None>
    <None Include="external\dll\SDL2.dll">
      <Filter>external\dll</Filter>
    </None>
    <None Include="external\dll\SDL2_image.dll">
      <Filter>external\dll</Filter>
    </None>
    <None Include="external\dll\smpeg2.dll">
      <Filter>external\dll</Filter>
    </None>
    <None Include="external\dll\zlib1.dll">
      <Filter>external\dll</Filter>
    </None>
    <None Include=".gitignore" />
    <None Include="external\dll\assimp-vc142-mtd.dll" />
    <None Include="src\graphics\shaders\2DTextureFrag.glsl" />
    <None Include="src\graphics\shaders\2DTextureVert.glsl" />
    <None Include="src\graphics\shaders\InstanceFrag.glsl" />
    <None Include="src\graphics\shaders\InstanceVert.glsl" />
    <None Include="src\graphics\shaders\GrassFrag.glsl" />
    <None Include="src\graphics\shaders\GrassVert.glsl" />
    <None Include="src\graphics\shaders\FogFrag.glsl" />
    <None Include="src\graphics\shaders\FogVert.glsl" />
    <None Include="src\graphics\shaders\gBufferShaderFrag.glsl" />
    <None Include="src\graphics\shaders\gBufferShaderVert.glsl" />
    <None Include="src\graphics\shaders\gBufferResolveFrag.glsl" />
    <None Include="src\graphics\shaders\gBufferResolveVert.glsl" />
    <None Include="external\dll\fmodL.dll" />
    <None Include="external\include\assimp\color4.inl" />
    <None Include="external\include\assimp\material.inl" />
    <None Include="external\include\assimp\matrix3x3.inl" />
    <None Include="external\include\assimp\matrix4x4.inl" />
    <None Include="external\include\assimp\quaternion.inl" />
    <None Include="external\include\assimp\SmoothingGroups.inl" />
    <None Include="external\include\assimp\vector2.inl" />
    <None Include="external\include\assimp\vector3.inl" />
    <None Include="src\graphics\shaders\DefaultFrag.glsl" />
    <None Include="src\graphics\shaders\DefaultVert.glsl" />
    <None Include="src\graphics\shaders\RefractFrag.glsl" />
    <None Include="src\graphics\shaders\RefractVert.glsl" />
    <None Include="src\graphics\shaders\SkyBoxFrag.glsl" />
    <None Include="src\graphics\shaders\SkyBoxVert.glsl" />
    <None Include="src\graphics\shaders\WaterFrag.glsl" />
    <None Include="src\graphics\shaders\WaterVert.glsl" />
  </ItemGroup>
  <ItemGroup>
    <Library Include="external\lib\glew32.lib">
      <Filter>external\lib</Filter>
    </Library>
    <Library Include="external\lib\glew32s.lib">
      <Filter>external\lib</Filter>
    </Library>
    <Library Include="external\lib\SDL2.lib">
      <Filter>external\lib</Filter>
    </Library>
    <Library Include="external\lib\SDL2_image.lib">
      <Filter>external\lib</Filter>
    </Library>
    <Library Include="external\lib\SDL2main.lib">
      <Filter>external\lib</Filter>
    </Library>
    <Library Include="external\lib\SDL2test.lib">
      <Filter>external\lib</Filter>
    </Library>
    <Library Include="external\lib\assimp-vc142-mtd.lib" />
    <Library Include="external\lib\fmodL_vc.lib" />
  </ItemGroup>
</Project>