
Microsoft Visual Studio Solution File, Format Version 12.00
# Visual Studio Version 16
VisualStudioVersion = 16.0.29613.14
MinimumVisualStudioVersion = 10.0.40219.1
Project("{8BC9CEB8-8B4A-11D0-8D11-00A0C91BC942}") = "SDL_OpenGL_Platformer", "SDL_OpenGL_Platformer.vcxproj", "{10C1E4B3-8948-43F7-B390-090DF18E9D37}"
EndProject
Global
	GlobalSection(SolutionConfigurationPlatforms) = preSolution
		Debug|x64 = Debug|x64
		Debug|x86 = Debug|x86
		Release|x64 = Release|x64
		Release|x86 = Release|x86
	EndGlobalSection
	GlobalSection(ProjectConfigurationPlatforms) = postSolution
		{10C1E4B3-8948-43F7-B390-090DF18E9D37}.Debug|x64.ActiveCfg = Debug|x64
		{10C1E4B3-8948-43F7-B390-090DF18E9D37}.Debug|x64.Build.0 = Debug|x64
		{10C1E4B3-8948-43F7-B390-090DF18E9D37}.Debug|x86.ActiveCfg = Debug|Win32
		{10C1E4B3-8948-43F7-B390-090DF18E9D37}.Debug|x86.Build.0 = Debug|Win32
		{10C1E4B3-8948-43F7-B390-090DF18E9D37}.Release|x64.ActiveCfg = Release|x64
		{10C1E4B3-8948-43F7-B390-090DF18E9D37}.Release|x64.Build.0 = Release|x64
		{10C1E4B3-8948-43F7-B390-090DF18E9D37}.Release|x86.ActiveCfg = Release|Win32
		{10C1E4B3-8948-43F7-B390-090DF18E9D37}.Release|x86.Build.0 = Release|Win32
	EndGlobalSection
	GlobalSection(SolutionProperties) = preSolution
		HideSolutionNode = FALSE
	EndGlobalSection
	GlobalSection(ExtensibilityGlobals) = postSolution
		SolutionGuid = {2FAF863F-CB49-473E-9848-59895840A763}
	EndGlobalSection
EndGlobal
