<?xml version="1.0" encoding="utf-8"?>
<Project ToolsVersion="4.0" xmlns="http://schemas.microsoft.com/developer/msbuild/2003">
  <ItemGroup>
    <Filter Include="external">
      <UniqueIdentifier>{f0f04fd9-1faa-4e00-82d2-0db84952576d}</UniqueIdentifier>
    </Filter>
    <Filter Include="external\include">
      <UniqueIdentifier>{2de3c313-696c-4321-b310-3dda8d6bf8bd}</UniqueIdentifier>
    </Filter>
    <Filter Include="external\lib">
      <UniqueIdentifier>{d8b42b8f-c5c2-4937-b88f-cdb2c2bc91bc}</UniqueIdentifier>
    </Filter>
    <Filter Include="external\include\sdl">
      <UniqueIdentifier>{fc1ea4ab-0d2c-4609-bbd6-a9743810019f}</UniqueIdentifier>
    </Filter>
    <Filter Include="src">
      <UniqueIdentifier>{14206e39-7229-469c-ae95-4aef47beb571}</UniqueIdentifier>
    </Filter>
    <Filter Include="external\include\glew">
      <UniqueIdentifier>{8885e96b-8168-4f2f-ba4d-6f65fe6a1d1d}</UniqueIdentifier>
    </Filter>
    <Filter Include="external\include\fmod">
      <UniqueIdentifier>{bbc0cd27-2b97-4896-bb1f-ffe6a36ea043}</UniqueIdentifier>
    </Filter>
    <Filter Include="external\include\imgui">
      <UniqueIdentifier>{f90fa5f9-b2d1-46b6-87cf-f876792ddfca}</UniqueIdentifier>
    </Filter>
    <Filter Include="external\include\tinyxml2">
      <UniqueIdentifier>{4544c088-494e-4c02-9a5b-02192b1f0856}</UniqueIdentifier>
    </Filter>
    <Filter Include="external\include\assimp">
      <UniqueIdentifier>{3a4c32da-ab2f-4455-a69a-801e1e80dd51}</UniqueIdentifier>
    </Filter>
    <Filter Include="src\engine">
      <UniqueIdentifier>{3f97d26d-36a8-49ec-99f5-cbcaa6a7b4ca}</UniqueIdentifier>
    </Filter>
    <Filter Include="src\engine\components">
      <UniqueIdentifier>{f0da421f-0277-44c5-b373-00d6bda46e48}</UniqueIdentifier>
    </Filter>
    <Filter Include="src\engine\audio">
      <UniqueIdentifier>{af0b9458-b85f-4e5c-92ba-9df5e123937b}</UniqueIdentifier>
    </Filter>
    <Filter Include="src\engine\core">
      <UniqueIdentifier>{8456aa8a-616f-454f-8ebb-173bdf78eb23}</UniqueIdentifier>
    </Filter>
    <Filter Include="src\game">
      <UniqueIdentifier>{c96cf6fb-66d1-4a1d-ae88-5c7b3bd85c2f}</UniqueIdentifier>
    </Filter>
    <Filter Include="src\engine\math">
      <UniqueIdentifier>{4ff3d53d-4ef5-4606-a0b3-150eba022389}</UniqueIdentifier>
    </Filter>
    <Filter Include="src\game\gameObjects">
      <UniqueIdentifier>{97e83925-50d4-4d5e-ae64-b0456b9ae6dc}</UniqueIdentifier>
    </Filter>
    <Filter Include="src\engine\primitives">
      <UniqueIdentifier>{9db25d23-0991-4782-a2fb-841d1c1b046c}</UniqueIdentifier>
    </Filter>
    <Filter Include="src\engine\components\2D">
      <UniqueIdentifier>{cf774d25-b92c-4fc0-9309-f82088f6418b}</UniqueIdentifier>
    </Filter>
    <Filter Include="src\engine\components\3D">
      <UniqueIdentifier>{54a9ba90-324b-47b7-a7f7-8e08fbe54e03}</UniqueIdentifier>
    </Filter>
    <Filter Include="resources">
      <UniqueIdentifier>{4dcd80b2-c8bf-4ec2-96e6-9b231c3128e8}</UniqueIdentifier>
    </Filter>
    <Filter Include="src\engine\core\scene">
      <UniqueIdentifier>{08dd6d56-1c0c-49fb-9482-b76158e7609f}</UniqueIdentifier>
    </Filter>
    <Filter Include="src\game\scenes">
      <UniqueIdentifier>{bf2c8094-a278-49e2-bf7f-e79025b4a7cc}</UniqueIdentifier>
    </Filter>
    <Filter Include="src\engine\core\events">
      <UniqueIdentifier>{02097b71-ddf4-4b30-b282-c89c942c37fb}</UniqueIdentifier>
    </Filter>
    <Filter Include="src\engine\Utility">
      <UniqueIdentifier>{e28ec212-8410-4890-a98a-232d89e9fff7}</UniqueIdentifier>
    </Filter>
    <Filter Include="src\engine\core\resources">
      <UniqueIdentifier>{0e87a8c6-cabf-42b2-a80c-2c86d27a3191}</UniqueIdentifier>
    </Filter>
    <Filter Include="src\engine\core\3D">
      <UniqueIdentifier>{e1391489-b730-43e0-9bac-6f922a4c8862}</UniqueIdentifier>
    </Filter>
    <Filter Include="src\engine\core\2D">
      <UniqueIdentifier>{dcbdd685-ed95-4501-ab1d-99b190d4c712}</UniqueIdentifier>
    </Filter>
    <Filter Include="external\include\assimp\Compiler">
      <UniqueIdentifier>{5e52a240-d9da-4df7-b37b-dee70db7bea7}</UniqueIdentifier>
    </Filter>
    <Filter Include="src\engine\rendering">
      <UniqueIdentifier>{6e4eb30d-11fe-4272-8718-fdffd5465139}</UniqueIdentifier>
    </Filter>
    <Filter Include="src\engine\graphics">
      <UniqueIdentifier>{b60bb5c0-816f-46bd-9c76-bf84a2b53a55}</UniqueIdentifier>
    </Filter>
    <Filter Include="external\include\assimp\port">
      <UniqueIdentifier>{4dc45ecb-cf5a-457b-b01e-223713886d33}</UniqueIdentifier>
    </Filter>
    <Filter Include="external\include\assimp\port\AndroidJNI">
      <UniqueIdentifier>{2198737d-a147-470e-9d40-e62e3099c0fa}</UniqueIdentifier>
    </Filter>
    <Filter Include="src\engine\core\networking">
      <UniqueIdentifier>{3e49fee4-58fc-4678-a949-9ce63ebcda1f}</UniqueIdentifier>
    </Filter>
    <Filter Include="src\engine\components\AI">
      <UniqueIdentifier>{2664de0d-87a6-410a-9942-f20a223d29c6}</UniqueIdentifier>
    </Filter>
    <Filter Include="src\engine\components\AI\Pathfinding">
      <UniqueIdentifier>{ef19922e-2928-4706-b4ae-6a9a3f6fc782}</UniqueIdentifier>
    </Filter>
    <Filter Include="src\engine\components\AI\Steering">
      <UniqueIdentifier>{d7371d50-a760-445e-aaa3-bf7562efccb2}</UniqueIdentifier>
    </Filter>
    <Filter Include="resources\shaders">
      <UniqueIdentifier>{c52913d4-9d62-4cf0-b054-2a46ae3be6fa}</UniqueIdentifier>
    </Filter>
    <Filter Include="src\engine\components\AI\Pathfinding\Types">
      <UniqueIdentifier>{38e2da6e-5f4f-4a8d-9f3d-1aec00d22eb9}</UniqueIdentifier>
    </Filter>
    <Filter Include="src\engine\components\AI\DecisionMaking">
      <UniqueIdentifier>{7b670a91-3cb6-440a-b1d0-3e6abe97cae3}</UniqueIdentifier>
    </Filter>
  </ItemGroup>
  <ItemGroup>
    <ClInclude Include="external\include\sdl\begin_code.h">
      <Filter>external\include\sdl</Filter>
    </ClInclude>
    <ClInclude Include="external\include\sdl\close_code.h">
      <Filter>external\include\sdl</Filter>
    </ClInclude>
    <ClInclude Include="external\include\sdl\SDL.h">
      <Filter>external\include\sdl</Filter>
    </ClInclude>
    <ClInclude Include="external\include\sdl\SDL_assert.h">
      <Filter>external\include\sdl</Filter>
    </ClInclude>
    <ClInclude Include="external\include\sdl\SDL_atomic.h">
      <Filter>external\include\sdl</Filter>
    </ClInclude>
    <ClInclude Include="external\include\sdl\SDL_audio.h">
      <Filter>external\include\sdl</Filter>
    </ClInclude>
    <ClInclude Include="external\include\sdl\SDL_bits.h">
      <Filter>external\include\sdl</Filter>
    </ClInclude>
    <ClInclude Include="external\include\sdl\SDL_blendmode.h">
      <Filter>external\include\sdl</Filter>
    </ClInclude>
    <ClInclude Include="external\include\sdl\SDL_clipboard.h">
      <Filter>external\include\sdl</Filter>
    </ClInclude>
    <ClInclude Include="external\include\sdl\SDL_config.h">
      <Filter>external\include\sdl</Filter>
    </ClInclude>
    <ClInclude Include="external\include\sdl\SDL_config_android.h">
      <Filter>external\include\sdl</Filter>
    </ClInclude>
    <ClInclude Include="external\include\sdl\SDL_config_iphoneos.h">
      <Filter>external\include\sdl</Filter>
    </ClInclude>
    <ClInclude Include="external\include\sdl\SDL_config_macosx.h">
      <Filter>external\include\sdl</Filter>
    </ClInclude>
    <ClInclude Include="external\include\sdl\SDL_config_minimal.h">
      <Filter>external\include\sdl</Filter>
    </ClInclude>
    <ClInclude Include="external\include\sdl\SDL_config_pandora.h">
      <Filter>external\include\sdl</Filter>
    </ClInclude>
    <ClInclude Include="external\include\sdl\SDL_config_psp.h">
      <Filter>external\include\sdl</Filter>
    </ClInclude>
    <ClInclude Include="external\include\sdl\SDL_config_windows.h">
      <Filter>external\include\sdl</Filter>
    </ClInclude>
    <ClInclude Include="external\include\sdl\SDL_config_winrt.h">
      <Filter>external\include\sdl</Filter>
    </ClInclude>
    <ClInclude Include="external\include\sdl\SDL_config_wiz.h">
      <Filter>external\include\sdl</Filter>
    </ClInclude>
    <ClInclude Include="external\include\sdl\SDL_copying.h">
      <Filter>external\include\sdl</Filter>
    </ClInclude>
    <ClInclude Include="external\include\sdl\SDL_cpuinfo.h">
      <Filter>external\include\sdl</Filter>
    </ClInclude>
    <ClInclude Include="external\include\sdl\SDL_egl.h">
      <Filter>external\include\sdl</Filter>
    </ClInclude>
    <ClInclude Include="external\include\sdl\SDL_endian.h">
      <Filter>external\include\sdl</Filter>
    </ClInclude>
    <ClInclude Include="external\include\sdl\SDL_error.h">
      <Filter>external\include\sdl</Filter>
    </ClInclude>
    <ClInclude Include="external\include\sdl\SDL_events.h">
      <Filter>external\include\sdl</Filter>
    </ClInclude>
    <ClInclude Include="external\include\sdl\SDL_filesystem.h">
      <Filter>external\include\sdl</Filter>
    </ClInclude>
    <ClInclude Include="external\include\sdl\SDL_gamecontroller.h">
      <Filter>external\include\sdl</Filter>
    </ClInclude>
    <ClInclude Include="external\include\sdl\SDL_gesture.h">
      <Filter>external\include\sdl</Filter>
    </ClInclude>
    <ClInclude Include="external\include\sdl\SDL_haptic.h">
      <Filter>external\include\sdl</Filter>
    </ClInclude>
    <ClInclude Include="external\include\sdl\SDL_hints.h">
      <Filter>external\include\sdl</Filter>
    </ClInclude>
    <ClInclude Include="external\include\sdl\SDL_image.h">
      <Filter>external\include\sdl</Filter>
    </ClInclude>
    <ClInclude Include="external\include\sdl\SDL_joystick.h">
      <Filter>external\include\sdl</Filter>
    </ClInclude>
    <ClInclude Include="external\include\sdl\SDL_keyboard.h">
      <Filter>external\include\sdl</Filter>
    </ClInclude>
    <ClInclude Include="external\include\sdl\SDL_keycode.h">
      <Filter>external\include\sdl</Filter>
    </ClInclude>
    <ClInclude Include="external\include\sdl\SDL_loadso.h">
      <Filter>external\include\sdl</Filter>
    </ClInclude>
    <ClInclude Include="external\include\sdl\SDL_log.h">
      <Filter>external\include\sdl</Filter>
    </ClInclude>
    <ClInclude Include="external\include\sdl\SDL_main.h">
      <Filter>external\include\sdl</Filter>
    </ClInclude>
    <ClInclude Include="external\include\sdl\SDL_messagebox.h">
      <Filter>external\include\sdl</Filter>
    </ClInclude>
    <ClInclude Include="external\include\sdl\SDL_mixer.h">
      <Filter>external\include\sdl</Filter>
    </ClInclude>
    <ClInclude Include="external\include\sdl\SDL_mouse.h">
      <Filter>external\include\sdl</Filter>
    </ClInclude>
    <ClInclude Include="external\include\sdl\SDL_mutex.h">
      <Filter>external\include\sdl</Filter>
    </ClInclude>
    <ClInclude Include="external\include\sdl\SDL_name.h">
      <Filter>external\include\sdl</Filter>
    </ClInclude>
    <ClInclude Include="external\include\sdl\SDL_net.h">
      <Filter>external\include\sdl</Filter>
    </ClInclude>
    <ClInclude Include="external\include\sdl\SDL_opengl.h">
      <Filter>external\include\sdl</Filter>
    </ClInclude>
    <ClInclude Include="external\include\sdl\SDL_opengl_glext.h">
      <Filter>external\include\sdl</Filter>
    </ClInclude>
    <ClInclude Include="external\include\sdl\SDL_opengles.h">
      <Filter>external\include\sdl</Filter>
    </ClInclude>
    <ClInclude Include="external\include\sdl\SDL_opengles2.h">
      <Filter>external\include\sdl</Filter>
    </ClInclude>
    <ClInclude Include="external\include\sdl\SDL_opengles2_gl2.h">
      <Filter>external\include\sdl</Filter>
    </ClInclude>
    <ClInclude Include="external\include\sdl\SDL_opengles2_gl2ext.h">
      <Filter>external\include\sdl</Filter>
    </ClInclude>
    <ClInclude Include="external\include\sdl\SDL_opengles2_gl2platform.h">
      <Filter>external\include\sdl</Filter>
    </ClInclude>
    <ClInclude Include="external\include\sdl\SDL_opengles2_khrplatform.h">
      <Filter>external\include\sdl</Filter>
    </ClInclude>
    <ClInclude Include="external\include\sdl\SDL_pixels.h">
      <Filter>external\include\sdl</Filter>
    </ClInclude>
    <ClInclude Include="external\include\sdl\SDL_platform.h">
      <Filter>external\include\sdl</Filter>
    </ClInclude>
    <ClInclude Include="external\include\sdl\SDL_power.h">
      <Filter>external\include\sdl</Filter>
    </ClInclude>
    <ClInclude Include="external\include\sdl\SDL_quit.h">
      <Filter>external\include\sdl</Filter>
    </ClInclude>
    <ClInclude Include="external\include\sdl\SDL_rect.h">
      <Filter>external\include\sdl</Filter>
    </ClInclude>
    <ClInclude Include="external\include\sdl\SDL_render.h">
      <Filter>external\include\sdl</Filter>
    </ClInclude>
    <ClInclude Include="external\include\sdl\SDL_revision.h">
      <Filter>external\include\sdl</Filter>
    </ClInclude>
    <ClInclude Include="external\include\sdl\SDL_rwops.h">
      <Filter>external\include\sdl</Filter>
    </ClInclude>
    <ClInclude Include="external\include\sdl\SDL_scancode.h">
      <Filter>external\include\sdl</Filter>
    </ClInclude>
    <ClInclude Include="external\include\sdl\SDL_shape.h">
      <Filter>external\include\sdl</Filter>
    </ClInclude>
    <ClInclude Include="external\include\sdl\SDL_stdinc.h">
      <Filter>external\include\sdl</Filter>
    </ClInclude>
    <ClInclude Include="external\include\sdl\SDL_surface.h">
      <Filter>external\include\sdl</Filter>
    </ClInclude>
    <ClInclude Include="external\include\sdl\SDL_system.h">
      <Filter>external\include\sdl</Filter>
    </ClInclude>
    <ClInclude Include="external\include\sdl\SDL_syswm.h">
      <Filter>external\include\sdl</Filter>
    </ClInclude>
    <ClInclude Include="external\include\sdl\SDL_test.h">
      <Filter>external\include\sdl</Filter>
    </ClInclude>
    <ClInclude Include="external\include\sdl\SDL_test_assert.h">
      <Filter>external\include\sdl</Filter>
    </ClInclude>
    <ClInclude Include="external\include\sdl\SDL_test_common.h">
      <Filter>external\include\sdl</Filter>
    </ClInclude>
    <ClInclude Include="external\include\sdl\SDL_test_compare.h">
      <Filter>external\include\sdl</Filter>
    </ClInclude>
    <ClInclude Include="external\include\sdl\SDL_test_crc32.h">
      <Filter>external\include\sdl</Filter>
    </ClInclude>
    <ClInclude Include="external\include\sdl\SDL_test_font.h">
      <Filter>external\include\sdl</Filter>
    </ClInclude>
    <ClInclude Include="external\include\sdl\SDL_test_fuzzer.h">
      <Filter>external\include\sdl</Filter>
    </ClInclude>
    <ClInclude Include="external\include\sdl\SDL_test_harness.h">
      <Filter>external\include\sdl</Filter>
    </ClInclude>
    <ClInclude Include="external\include\sdl\SDL_test_images.h">
      <Filter>external\include\sdl</Filter>
    </ClInclude>
    <ClInclude Include="external\include\sdl\SDL_test_log.h">
      <Filter>external\include\sdl</Filter>
    </ClInclude>
    <ClInclude Include="external\include\sdl\SDL_test_md5.h">
      <Filter>external\include\sdl</Filter>
    </ClInclude>
    <ClInclude Include="external\include\sdl\SDL_test_memory.h">
      <Filter>external\include\sdl</Filter>
    </ClInclude>
    <ClInclude Include="external\include\sdl\SDL_test_random.h">
      <Filter>external\include\sdl</Filter>
    </ClInclude>
    <ClInclude Include="external\include\sdl\SDL_thread.h">
      <Filter>external\include\sdl</Filter>
    </ClInclude>
    <ClInclude Include="external\include\sdl\SDL_timer.h">
      <Filter>external\include\sdl</Filter>
    </ClInclude>
    <ClInclude Include="external\include\sdl\SDL_touch.h">
      <Filter>external\include\sdl</Filter>
    </ClInclude>
    <ClInclude Include="external\include\sdl\SDL_ttf.h">
      <Filter>external\include\sdl</Filter>
    </ClInclude>
    <ClInclude Include="external\include\sdl\SDL_types.h">
      <Filter>external\include\sdl</Filter>
    </ClInclude>
    <ClInclude Include="external\include\sdl\SDL_version.h">
      <Filter>external\include\sdl</Filter>
    </ClInclude>
    <ClInclude Include="external\include\sdl\SDL_video.h">
      <Filter>external\include\sdl</Filter>
    </ClInclude>
    <ClInclude Include="external\include\sdl\SDL_vulkan.h">
      <Filter>external\include\sdl</Filter>
    </ClInclude>
    <ClInclude Include="external\include\glew\eglew.h">
      <Filter>external\include\glew</Filter>
    </ClInclude>
    <ClInclude Include="external\include\glew\glew.h">
      <Filter>external\include\glew</Filter>
    </ClInclude>
    <ClInclude Include="external\include\glew\glxew.h">
      <Filter>external\include\glew</Filter>
    </ClInclude>
    <ClInclude Include="external\include\glew\wglew.h">
      <Filter>external\include\glew</Filter>
    </ClInclude>
    <ClInclude Include="engine\graphics\Window.h">
      <Filter>src\engine\graphics</Filter>
    </ClInclude>
    <ClInclude Include="engine\math\Matrix.h">
      <Filter>src\engine\math</Filter>
    </ClInclude>
    <ClInclude Include="engine\math\MMath.h">
      <Filter>src\engine\math</Filter>
    </ClInclude>
    <ClInclude Include="engine\math\Vector.h">
      <Filter>src\engine\math</Filter>
    </ClInclude>
    <ClInclude Include="engine\math\VMath.h">
      <Filter>src\engine\math</Filter>
    </ClInclude>
    <ClInclude Include="game\scenes\Scene1.h">
      <Filter>src\game\scenes</Filter>
    </ClInclude>
    <ClInclude Include="engine\core\CoreEngine.h">
      <Filter>src\engine\core</Filter>
    </ClInclude>
    <ClInclude Include="engine\core\Timer.h">
      <Filter>src\engine\core</Filter>
    </ClInclude>
    <ClInclude Include="engine\audio\AudioManager.h">
      <Filter>src\engine\audio</Filter>
    </ClInclude>
    <ClInclude Include="external\include\assimp\aabb.h">
      <Filter>external\include\assimp</Filter>
    </ClInclude>
    <ClInclude Include="external\include\assimp\ai_assert.h">
      <Filter>external\include\assimp</Filter>
    </ClInclude>
    <ClInclude Include="external\include\assimp\anim.h">
      <Filter>external\include\assimp</Filter>
    </ClInclude>
    <ClInclude Include="engine\components\AudioSourceComponent.h">
      <Filter>src\engine\components</Filter>
    </ClInclude>
    <ClInclude Include="engine\audio\AudioUtility.h">
      <Filter>src\engine\audio</Filter>
    </ClInclude>
    <ClInclude Include="external\include\assimp\BaseImporter.h">
      <Filter>external\include\assimp</Filter>
    </ClInclude>
    <ClInclude Include="game\gameObjects\Bird.h">
      <Filter>src\game\gameObjects</Filter>
    </ClInclude>
    <ClInclude Include="external\include\assimp\Bitmap.h">
      <Filter>external\include\assimp</Filter>
    </ClInclude>
    <ClInclude Include="external\include\assimp\BlobIOSystem.h">
      <Filter>external\include\assimp</Filter>
    </ClInclude>
    <ClInclude Include="engine\primitives\Box.h">
      <Filter>src\engine\primitives</Filter>
    </ClInclude>
    <ClInclude Include="external\include\assimp\ByteSwapper.h">
      <Filter>external\include\assimp</Filter>
    </ClInclude>
    <ClInclude Include="external\include\assimp\camera.h">
      <Filter>external\include\assimp</Filter>
    </ClInclude>
    <ClInclude Include="external\include\assimp\cimport.h">
      <Filter>external\include\assimp</Filter>
    </ClInclude>
    <ClInclude Include="external\include\assimp\cexport.h">
      <Filter>external\include\assimp</Filter>
    </ClInclude>
    <ClInclude Include="external\include\assimp\cfileio.h">
      <Filter>external\include\assimp</Filter>
    </ClInclude>
    <ClInclude Include="engine\components\2D\Collider.h">
      <Filter>src\engine\components\2D</Filter>
    </ClInclude>
    <ClInclude Include="engine\core\3D\Physics\Collider3D.h">
      <Filter>src\engine\components\3D</Filter>
    </ClInclude>
    <ClInclude Include="external\include\assimp\color4.h">
      <Filter>external\include\assimp</Filter>
    </ClInclude>
    <ClInclude Include="engine\components\Component.h">
      <Filter>src\engine\components</Filter>
    </ClInclude>
    <ClInclude Include="external\include\assimp\CreateAnimMesh.h">
      <Filter>external\include\assimp</Filter>
    </ClInclude>
    <ClInclude Include="external\include\assimp\config.h">
      <Filter>external\include\assimp</Filter>
    </ClInclude>
    <ClInclude Include="engine\graphics\CustomUI.h">
      <Filter>src\engine\graphics</Filter>
    </ClInclude>
    <ClInclude Include="engine\core\Debug.h">
      <Filter>src\engine\core</Filter>
    </ClInclude>
    <ClInclude Include="external\include\assimp\DefaultIOStream.h">
      <Filter>external\include\assimp</Filter>
    </ClInclude>
    <ClInclude Include="external\include\assimp\DefaultIOSystem.h">
      <Filter>external\include\assimp</Filter>
    </ClInclude>
    <ClInclude Include="external\include\assimp\DefaultLogger.hpp">
      <Filter>external\include\assimp</Filter>
    </ClInclude>
    <ClInclude Include="engine\core\scene\DefaultScene.h">
      <Filter>src\engine\core\scene</Filter>
    </ClInclude>
    <ClInclude Include="external\include\assimp\Defines.h">
      <Filter>external\include\assimp</Filter>
    </ClInclude>
    <ClInclude Include="external\include\assimp\defs.h">
      <Filter>external\include\assimp</Filter>
    </ClInclude>
    <ClInclude Include="external\include\assimp\Exceptional.h">
      <Filter>external\include\assimp</Filter>
    </ClInclude>
    <ClInclude Include="external\include\assimp\Exporter.hpp">
      <Filter>external\include\assimp</Filter>
    </ClInclude>
    <ClInclude Include="external\include\assimp\fast_atof.h">
      <Filter>external\include\assimp</Filter>
    </ClInclude>
    <ClInclude Include="external\include\fmod\fmod.h">
      <Filter>external\include\fmod</Filter>
    </ClInclude>
    <ClInclude Include="external\include\fmod\fmod.hpp">
      <Filter>external\include\fmod</Filter>
    </ClInclude>
    <ClInclude Include="external\include\fmod\fmod_codec.h">
      <Filter>external\include\fmod</Filter>
    </ClInclude>
    <ClInclude Include="external\include\fmod\fmod_common.h">
      <Filter>external\include\fmod</Filter>
    </ClInclude>
    <ClInclude Include="external\include\fmod\fmod_dsp.h">
      <Filter>external\include\fmod</Filter>
    </ClInclude>
    <ClInclude Include="external\include\fmod\fmod_dsp_effects.h">
      <Filter>external\include\fmod</Filter>
    </ClInclude>
    <ClInclude Include="external\include\fmod\fmod_errors.h">
      <Filter>external\include\fmod</Filter>
    </ClInclude>
    <ClInclude Include="external\include\fmod\fmod_output.h">
      <Filter>external\include\fmod</Filter>
    </ClInclude>
    <ClInclude Include="engine\graphics\FrameBuffer.h">
      <Filter>src\engine\graphics</Filter>
    </ClInclude>
    <ClInclude Include="game\Game1.h">
      <Filter>src\game</Filter>
    </ClInclude>
    <ClInclude Include="engine\core\GameInterface.h">
      <Filter>src\engine\core</Filter>
    </ClInclude>
    <ClInclude Include="engine\components\GameObject.h">
      <Filter>src\engine\components</Filter>
    </ClInclude>
    <ClInclude Include="external\include\assimp\GenericProperty.h">
      <Filter>external\include\assimp</Filter>
    </ClInclude>
    <ClInclude Include="game\gameObjects\Grass.h">
      <Filter>src\game\gameObjects</Filter>
    </ClInclude>
    <ClInclude Include="external\include\assimp\Hash.h">
      <Filter>external\include\assimp</Filter>
    </ClInclude>
    <ClInclude Include="external\include\imgui\imconfig.h">
      <Filter>external\include\imgui</Filter>
    </ClInclude>
    <ClInclude Include="external\include\imgui\imgui.h">
      <Filter>external\include\imgui</Filter>
    </ClInclude>
    <ClInclude Include="external\include\imgui\imgui_impl_opengl3.h">
      <Filter>external\include\imgui</Filter>
    </ClInclude>
    <ClInclude Include="external\include\imgui\imgui_impl_opengl3_loader.h">
      <Filter>external\include\imgui</Filter>
    </ClInclude>
    <ClInclude Include="external\include\imgui\imgui_impl_sdl.h">
      <Filter>external\include\imgui</Filter>
    </ClInclude>
    <ClInclude Include="external\include\imgui\imgui_internal.h">
      <Filter>external\include\imgui</Filter>
    </ClInclude>
    <ClInclude Include="external\include\imgui\imgui_stdlib.h">
      <Filter>external\include\imgui</Filter>
    </ClInclude>
    <ClInclude Include="external\include\imgui\imstb_truetype.h">
      <Filter>external\include\imgui</Filter>
    </ClInclude>
    <ClInclude Include="external\include\imgui\imstb_rectpack.h">
      <Filter>external\include\imgui</Filter>
    </ClInclude>
    <ClInclude Include="external\include\imgui\imstb_textedit.h">
      <Filter>external\include\imgui</Filter>
    </ClInclude>
    <ClInclude Include="external\include\assimp\XMLTools.h">
      <Filter>external\include\assimp</Filter>
    </ClInclude>
    <ClInclude Include="external\include\assimp\ZipArchiveIOSystem.h">
      <Filter>external\include\assimp</Filter>
    </ClInclude>
    <ClInclude Include="engine\core\Globals.h">
      <Filter>src\engine\core</Filter>
    </ClInclude>
    <ClInclude Include="engine\core\events\InputManager.h">
      <Filter>src\engine\core\events</Filter>
    </ClInclude>
    <ClInclude Include="external\include\assimp\importerdesc.h">
      <Filter>external\include\assimp</Filter>
    </ClInclude>
    <ClInclude Include="external\include\assimp\Importer.hpp">
      <Filter>external\include\assimp</Filter>
    </ClInclude>
    <ClInclude Include="external\include\assimp\irrXMLWrapper.h">
      <Filter>external\include\assimp</Filter>
    </ClInclude>
    <ClInclude Include="external\include\assimp\IOStream.hpp">
      <Filter>external\include\assimp</Filter>
    </ClInclude>
    <ClInclude Include="external\include\assimp\IOStreamBuffer.h">
      <Filter>external\include\assimp</Filter>
    </ClInclude>
    <ClInclude Include="external\include\assimp\IOSystem.hpp">
      <Filter>external\include\assimp</Filter>
    </ClInclude>
    <ClInclude Include="engine\components\3D\LightComponent.h">
      <Filter>src\engine\components\3D</Filter>
    </ClInclude>
    <ClInclude Include="game\gameObjects\LightObject.h">
      <Filter>src\game\gameObjects</Filter>
    </ClInclude>
    <ClInclude Include="engine\Utility\LoadUtility.h">
      <Filter>src\engine\Utility</Filter>
    </ClInclude>
    <ClInclude Include="engine\core\Logger.h">
      <Filter>src\engine\core</Filter>
    </ClInclude>
    <ClInclude Include="engine\graphics\Mesh.h">
      <Filter>src\engine\graphics</Filter>
    </ClInclude>
    <ClInclude Include="engine\components\3D\MeshRenderer.h">
      <Filter>src\engine\components\3D</Filter>
    </ClInclude>
    <ClInclude Include="engine\graphics\Model.h">
      <Filter>src\engine\graphics</Filter>
    </ClInclude>
    <ClInclude Include="engine\core\resources\ShaderManager.h">
      <Filter>src\engine\core\resources</Filter>
    </ClInclude>
    <ClInclude Include="engine\core\resources\TextureManager.h">
      <Filter>src\engine\core\resources</Filter>
    </ClInclude>
    <ClInclude Include="engine\core\resources\ModelManager.h">
      <Filter>src\engine\core\resources</Filter>
    </ClInclude>
    <ClInclude Include="engine\core\events\MouseEventDispatcher.h">
      <Filter>src\engine\core\events</Filter>
    </ClInclude>
    <ClInclude Include="engine\core\events\MouseEventListener.h">
      <Filter>src\engine\core\events</Filter>
    </ClInclude>
    <ClInclude Include="engine\core\MouseRay.h">
      <Filter>src\engine\core</Filter>
    </ClInclude>
    <ClInclude Include="engine\core\3D\OctSpatialPartition.h">
      <Filter>src\engine\core\3D</Filter>
    </ClInclude>
    <ClInclude Include="engine\core\2D\Physics2D.h">
      <Filter>src\engine\core\2D</Filter>
    </ClInclude>
    <ClInclude Include="engine\core\3D\Physics\Physics3D.h">
      <Filter>src\engine\core\3D</Filter>
    </ClInclude>
    <ClInclude Include="engine\math\Ray.h">
      <Filter>src\engine\math</Filter>
    </ClInclude>
    <ClInclude Include="engine\math\Quaternion.h">
      <Filter>src\engine\math</Filter>
    </ClInclude>
    <ClInclude Include="engine\math\Plane.h">
      <Filter>src\engine\math</Filter>
    </ClInclude>
    <ClInclude Include="external\include\assimp\pbrmaterial.h">
      <Filter>external\include\assimp</Filter>
    </ClInclude>
    <ClInclude Include="external\include\assimp\LineSplitter.h">
      <Filter>external\include\assimp</Filter>
    </ClInclude>
    <ClInclude Include="external\include\assimp\LogAux.h">
      <Filter>external\include\assimp</Filter>
    </ClInclude>
    <ClInclude Include="external\include\assimp\Logger.hpp">
      <Filter>external\include\assimp</Filter>
    </ClInclude>
    <ClInclude Include="external\include\assimp\LogStream.hpp">
      <Filter>external\include\assimp</Filter>
    </ClInclude>
    <ClInclude Include="external\include\assimp\Macros.h">
      <Filter>external\include\assimp</Filter>
    </ClInclude>
    <ClInclude Include="external\include\assimp\material.h">
      <Filter>external\include\assimp</Filter>
    </ClInclude>
    <ClInclude Include="external\include\assimp\MathFunctions.h">
      <Filter>external\include\assimp</Filter>
    </ClInclude>
    <ClInclude Include="external\include\assimp\matrix3x3.h">
      <Filter>external\include\assimp</Filter>
    </ClInclude>
    <ClInclude Include="external\include\assimp\matrix4x4.h">
      <Filter>external\include\assimp</Filter>
    </ClInclude>
    <ClInclude Include="external\include\assimp\MemoryIOWrapper.h">
      <Filter>external\include\assimp</Filter>
    </ClInclude>
    <ClInclude Include="external\include\assimp\mesh.h">
      <Filter>external\include\assimp</Filter>
    </ClInclude>
    <ClInclude Include="external\include\assimp\metadata.h">
      <Filter>external\include\assimp</Filter>
    </ClInclude>
    <ClInclude Include="external\include\assimp\NullLogger.hpp">
      <Filter>external\include\assimp</Filter>
    </ClInclude>
    <ClInclude Include="external\include\assimp\ParsingUtils.h">
      <Filter>external\include\assimp</Filter>
    </ClInclude>
    <ClInclude Include="external\include\assimp\light.h">
      <Filter>external\include\assimp</Filter>
    </ClInclude>
    <ClInclude Include="engine\primitives\PlaneObject.h">
      <Filter>src\engine\primitives</Filter>
    </ClInclude>
    <ClInclude Include="engine\primitives\Primitives.h">
      <Filter>src\engine\primitives</Filter>
    </ClInclude>
    <ClInclude Include="game\gameObjects\Player.h">
      <Filter>src\game\gameObjects</Filter>
    </ClInclude>
    <ClInclude Include="engine\core\resources\SaveManager.h">
      <Filter>src\engine\core\resources</Filter>
    </ClInclude>
    <ClInclude Include="engine\core\resources\SaveFile.h">
      <Filter>src\engine\core\resources</Filter>
    </ClInclude>
    <ClInclude Include="engine\Utility\SaveUtility.h">
      <Filter>src\engine\Utility</Filter>
    </ClInclude>
    <ClInclude Include="engine\graphics\ShaderProgram.h">
      <Filter>src\engine\graphics</Filter>
    </ClInclude>
    <ClInclude Include="engine\graphics\Shader.h">
      <Filter>src\engine\graphics</Filter>
    </ClInclude>
    <ClInclude Include="engine\rendering\Renderer.h">
      <Filter>src\engine\rendering</Filter>
    </ClInclude>
    <ClInclude Include="engine\components\3D\RigidBody3D.h">
      <Filter>src\engine\components\3D</Filter>
    </ClInclude>
    <ClInclude Include="engine\components\2D\RigidBodyComponent.h">
      <Filter>src\engine\components\2D</Filter>
    </ClInclude>
    <ClInclude Include="game\scenes\Scene2.h">
      <Filter>src\game\scenes</Filter>
    </ClInclude>
    <ClInclude Include="engine\core\scene\Scene.h">
      <Filter>src\engine\core\scene</Filter>
    </ClInclude>
    <ClInclude Include="engine\components\SceneGraph.h">
      <Filter>src\engine\components</Filter>
    </ClInclude>
    <ClInclude Include="engine\rendering\SkyBox.h">
      <Filter>src\engine\rendering</Filter>
    </ClInclude>
    <ClInclude Include="engine\rendering\Camera.h">
      <Filter>src\engine\rendering</Filter>
    </ClInclude>
    <ClInclude Include="engine\primitives\Sphere.h">
      <Filter>src\engine\primitives</Filter>
    </ClInclude>
    <ClInclude Include="game\gameObjects\TestModel.h">
      <Filter>src\game\gameObjects</Filter>
    </ClInclude>
    <ClInclude Include="engine\audio\SoundAttributes.h">
      <Filter>src\engine\audio</Filter>
    </ClInclude>
    <ClInclude Include="external\include\tinyxml2\tinyxml2.h">
      <Filter>external\include\tinyxml2</Filter>
    </ClInclude>
    <ClInclude Include="engine\graphics\UIStatics.h">
      <Filter>src\engine\graphics</Filter>
    </ClInclude>
    <ClInclude Include="engine\graphics\Vertex.h">
      <Filter>src\engine\graphics</Filter>
    </ClInclude>
    <ClInclude Include="engine\rendering\Water.h">
      <Filter>src\engine\rendering</Filter>
    </ClInclude>
    <ClInclude Include="engine\graphics\Texture.h">
      <Filter>src\engine\graphics</Filter>
    </ClInclude>
    <ClInclude Include="external\include\assimp\Vertex.h">
      <Filter>external\include\assimp</Filter>
    </ClInclude>
    <ClInclude Include="external\include\assimp\qnan.h">
      <Filter>external\include\assimp</Filter>
    </ClInclude>
    <ClInclude Include="external\include\assimp\quaternion.h">
      <Filter>external\include\assimp</Filter>
    </ClInclude>
    <ClInclude Include="external\include\assimp\RemoveComments.h">
      <Filter>external\include\assimp</Filter>
    </ClInclude>
    <ClInclude Include="external\include\assimp\scene.h">
      <Filter>external\include\assimp</Filter>
    </ClInclude>
    <ClInclude Include="external\include\assimp\SceneCombiner.h">
      <Filter>external\include\assimp</Filter>
    </ClInclude>
    <ClInclude Include="external\include\assimp\SGSpatialSort.h">
      <Filter>external\include\assimp</Filter>
    </ClInclude>
    <ClInclude Include="external\include\assimp\SkeletonMeshBuilder.h">
      <Filter>external\include\assimp</Filter>
    </ClInclude>
    <ClInclude Include="external\include\assimp\SmoothingGroups.h">
      <Filter>external\include\assimp</Filter>
    </ClInclude>
    <ClInclude Include="external\include\assimp\SpatialSort.h">
      <Filter>external\include\assimp</Filter>
    </ClInclude>
    <ClInclude Include="external\include\assimp\StandardShapes.h">
      <Filter>external\include\assimp</Filter>
    </ClInclude>
    <ClInclude Include="external\include\assimp\StreamReader.h">
      <Filter>external\include\assimp</Filter>
    </ClInclude>
    <ClInclude Include="external\include\assimp\StreamWriter.h">
      <Filter>external\include\assimp</Filter>
    </ClInclude>
    <ClInclude Include="external\include\assimp\StringComparison.h">
      <Filter>external\include\assimp</Filter>
    </ClInclude>
    <ClInclude Include="external\include\assimp\StringUtils.h">
      <Filter>external\include\assimp</Filter>
    </ClInclude>
    <ClInclude Include="external\include\assimp\Subdivision.h">
      <Filter>external\include\assimp</Filter>
    </ClInclude>
    <ClInclude Include="external\include\assimp\texture.h">
      <Filter>external\include\assimp</Filter>
    </ClInclude>
    <ClInclude Include="external\include\assimp\TinyFormatter.h">
      <Filter>external\include\assimp</Filter>
    </ClInclude>
    <ClInclude Include="external\include\assimp\types.h">
      <Filter>external\include\assimp</Filter>
    </ClInclude>
    <ClInclude Include="external\include\assimp\vector2.h">
      <Filter>external\include\assimp</Filter>
    </ClInclude>
    <ClInclude Include="external\include\assimp\vector3.h">
      <Filter>external\include\assimp</Filter>
    </ClInclude>
    <ClInclude Include="external\include\assimp\version.h">
      <Filter>external\include\assimp</Filter>
    </ClInclude>
    <ClInclude Include="external\include\assimp\ProgressHandler.hpp">
      <Filter>external\include\assimp</Filter>
    </ClInclude>
    <ClInclude Include="external\include\assimp\postprocess.h">
      <Filter>external\include\assimp</Filter>
    </ClInclude>
    <ClInclude Include="external\include\assimp\Profiler.h">
      <Filter>external\include\assimp</Filter>
    </ClInclude>
    <ClInclude Include="external\include\assimp\Compiler\poppack1.h">
      <Filter>external\include\assimp\Compiler</Filter>
    </ClInclude>
    <ClInclude Include="external\include\assimp\Compiler\pstdint.h">
      <Filter>external\include\assimp\Compiler</Filter>
    </ClInclude>
    <ClInclude Include="external\include\assimp\Compiler\pushpack1.h">
      <Filter>external\include\assimp\Compiler</Filter>
    </ClInclude>
    <ClInclude Include="engine\components\2D\SpriteComponent.h">
      <Filter>src\engine\components\2D</Filter>
    </ClInclude>
    <ClInclude Include="engine\components\Transform.h">
      <Filter>src\engine\components</Filter>
    </ClInclude>
    <ClInclude Include="engine\components\Components.h">
      <Filter>src\engine\components</Filter>
    </ClInclude>
    <ClInclude Include="engine\components\ECS.h">
      <Filter>src\engine\components</Filter>
    </ClInclude>
    <ClInclude Include="external\include\assimp\port\AndroidJNI\AndroidJNIIOSystem.h">
      <Filter>external\include\assimp\port\AndroidJNI</Filter>
    </ClInclude>
    <ClInclude Include="engine\components\AudioListenerComponent.h">
      <Filter>src\engine\components</Filter>
    </ClInclude>
    <ClInclude Include="engine\core\networking\ENetNetworkManager.h">
      <Filter>src\engine\core\networking</Filter>
    </ClInclude>
    <ClInclude Include="engine\core\networking\NetworkManager.h">
      <Filter>src\engine\core\networking</Filter>
    </ClInclude>
    <ClInclude Include="game\scenes\Scene1.h">
      <Filter>src\scenes</Filter>
    </ClInclude>
    <ClInclude Include="game\scenes\Scene2.h" />
    <ClInclude Include="engine\core\MouseRay.h" />
    <ClInclude Include="engine\core\events\InputManager.h" />
    <ClInclude Include="engine\core\events\MouseEventDispatcher.h" />
    <ClInclude Include="engine\core\events\MouseEventListener.h" />
    <ClInclude Include="engine\rendering\Renderer.h" />
    <ClInclude Include="engine\core\resources\TextureManager.h" />
    <ClInclude Include="engine\core\resources\ShaderManager.h" />
    <ClInclude Include="engine\core\resources\ModelManager.h" />
    <ClInclude Include="engine\core\3D\OctSpatialPartition.h" />
    <ClInclude Include="engine\components\GameObject.h" />
    <ClInclude Include="engine\components\Component.h" />
    <ClInclude Include="engine\components\SceneGraph.h" />
    <ClInclude Include="engine\core\resources\SaveManager.h" />
    <ClInclude Include="engine\core\resources\SaveFile.h" />
    <ClInclude Include="engine\Utility\SaveUtility.h" />
    <ClInclude Include="engine\Utility\LoadUtility.h" />
    <ClInclude Include="external\include\imgui\imgui_impl_opengl3_loader.h" />
    <ClInclude Include="external\include\imgui\imgui_stdlib.h" />
    <ClInclude Include="engine\graphics\UIStatics.h" />
    <ClInclude Include="engine\graphics\FrameBuffer.h" />
    <ClInclude Include="engine\core\scene\DefaultScene.h" />
    <ClInclude Include="engine\components\AI\AIComponent.h">
      <Filter>src\engine\components\AI</Filter>
    </ClInclude>
    <ClInclude Include="game\scenes\SceneAi.h">
      <Filter>src\game\scenes</Filter>
    </ClInclude>
    <ClInclude Include="engine\Primitives\Tetrahedron.h">
      <Filter>src\engine\primitives</Filter>
    </ClInclude>
    <ClInclude Include="engine\core\resources\CollisionHandler.h">
      <Filter>src\engine\components\3D</Filter>
    </ClInclude>
    <ClInclude Include="engine\core\3D\Physics\BoundingBox.h">
      <Filter>src\engine\components\3D</Filter>
    </ClInclude>
    <ClInclude Include="engine\core\resources\CollisionDetection.h">
      <Filter>src\engine\components\3D</Filter>
    </ClInclude>
    <ClInclude Include="game\gameObjects\AiGameObject.h">
      <Filter>src\game\gameObjects</Filter>
    </ClInclude>
    <ClInclude Include="Colour.h">
      <Filter>src\engine\graphics</Filter>
    </ClInclude>
    <ClInclude Include="engine\components\Instancer.h">
      <Filter>src\engine\components\3D</Filter>
    </ClInclude>
    <ClInclude Include="engine\components\Instancer.h">
      <Filter>src\engine\components\3D</Filter>
    </ClInclude>
    <ClInclude Include="engine\components\3D\LineRenderer.h">
      <Filter>src\engine\components\3D</Filter>
    </ClInclude>
    <ClInclude Include="engine\components\AI\Algorithms\Pathfinding\DivisionAlgorithms.h">
      <Filter>src\engine\components\AI\Pathfinding</Filter>
    </ClInclude>
    <ClInclude Include="engine\components\AI\Algorithms\Pathfinding\Types\Graph.h">
      <Filter>src\engine\components\AI\Pathfinding</Filter>
    </ClInclude>
    <ClInclude Include="engine\components\AI\Algorithms\Pathfinding\Types\Node.h">
      <Filter>src\engine\components\AI\Pathfinding</Filter>
    </ClInclude>
    <ClInclude Include="engine\components\AI\Algorithms\Pathfinding\PathingAlgorithms.h">
      <Filter>src\engine\components\AI\Pathfinding</Filter>
    </ClInclude>
    <ClInclude Include="engine\core\resources\AIDirector.h">
      <Filter>src\engine\core\resources</Filter>
    </ClInclude>
    <ClInclude Include="engine\components\AI\Algorithms\Steering\Dynamic.h">
      <Filter>src\engine\components\AI\Steering</Filter>
    </ClInclude>
    <ClInclude Include="engine\components\AI\Algorithms\Steering\Kinematic.h">
      <Filter>src\engine\components\AI\Steering</Filter>
    </ClInclude>
    <ClInclude Include="engine\components\AI\Algorithms\Steering\SteeringOutput.h">
      <Filter>src\engine\components\AI\Steering</Filter>
    </ClInclude>
    <ClInclude Include="engine\components\AI\Algorithms\Pathfinding\Types\Edge.h" />
    <ClInclude Include="engine\components\AI\Algorithms\Pathfinding\NavigationMesh.h" />
    <ClInclude Include="engine\components\AI\Algorithms\Pathfinding\Types\Poly.h" />
    <ClInclude Include="engine\core\3D\Physics\GJKDetection.h">
      <Filter>src\engine\core\3D</Filter>
    </ClInclude>
    <ClInclude Include="DecisionTreeNode.h" />
  </ItemGroup>
  <ItemGroup>
    <ClCompile Include="engine\graphics\Window.cpp">
      <Filter>src\engine\graphics</Filter>
    </ClCompile>
    <ClCompile Include="engine\math\MMath.cpp">
      <Filter>src\engine\math</Filter>
    </ClCompile>
    <ClCompile Include="engine\math\Vector.cpp">
      <Filter>src\engine\math</Filter>
    </ClCompile>
    <ClCompile Include="engine\math\VMath.cpp">
      <Filter>src\engine\math</Filter>
    </ClCompile>
    <ClCompile Include="game\scenes\Scene1.cpp">
      <Filter>src\game\scenes</Filter>
    </ClCompile>
    <ClCompile Include="engine\core\CoreEngine.cpp">
      <Filter>src\engine\core</Filter>
    </ClCompile>
    <ClCompile Include="engine\core\Main.cpp">
      <Filter>src\engine\core</Filter>
    </ClCompile>
    <ClCompile Include="engine\core\Timer.cpp">
      <Filter>src\engine\core</Filter>
    </ClCompile>
    <ClCompile Include="engine\audio\AudioManager.cpp">
      <Filter>src\engine\audio</Filter>
    </ClCompile>
    <ClCompile Include="engine\components\AudioSourceComponent.cpp">
      <Filter>src\engine\components</Filter>
    </ClCompile>
    <ClCompile Include="engine\audio\AudioUtility.cpp">
      <Filter>src\engine\audio</Filter>
    </ClCompile>
    <ClCompile Include="game\gameObjects\Bird.cpp">
      <Filter>src\game\gameObjects</Filter>
    </ClCompile>
    <ClCompile Include="engine\primitives\Box.cpp">
      <Filter>src\engine\primitives</Filter>
    </ClCompile>
    <ClCompile Include="engine\graphics\CustomUI.cpp">
      <Filter>src\engine\graphics</Filter>
    </ClCompile>
    <ClCompile Include="engine\core\Debug.cpp">
      <Filter>src\engine\core</Filter>
    </ClCompile>
    <ClCompile Include="engine\core\scene\DefaultScene.cpp">
      <Filter>src\engine\core\scene</Filter>
    </ClCompile>
    <ClCompile Include="engine\graphics\FrameBuffer.cpp">
      <Filter>src\engine\graphics</Filter>
    </ClCompile>
    <ClCompile Include="game\Game1.cpp">
      <Filter>src\game</Filter>
    </ClCompile>
    <ClCompile Include="engine\components\GameObject.cpp">
      <Filter>src\engine\components</Filter>
    </ClCompile>
    <ClCompile Include="game\gameObjects\Grass.cpp">
      <Filter>src\game\gameObjects</Filter>
    </ClCompile>
    <ClCompile Include="external\include\imgui\imgui_widgets.cpp">
      <Filter>external\include\imgui</Filter>
    </ClCompile>
    <ClCompile Include="external\include\imgui\imgui.cpp">
      <Filter>external\include\imgui</Filter>
    </ClCompile>
    <ClCompile Include="external\include\imgui\imgui_demo.cpp">
      <Filter>external\include\imgui</Filter>
    </ClCompile>
    <ClCompile Include="external\include\imgui\imgui_draw.cpp">
      <Filter>external\include\imgui</Filter>
    </ClCompile>
    <ClCompile Include="external\include\imgui\imgui_impl_opengl3.cpp">
      <Filter>external\include\imgui</Filter>
    </ClCompile>
    <ClCompile Include="external\include\imgui\imgui_impl_sdl.cpp">
      <Filter>external\include\imgui</Filter>
    </ClCompile>
    <ClCompile Include="external\include\imgui\imgui_stdlib.cpp">
      <Filter>external\include\imgui</Filter>
    </ClCompile>
    <ClCompile Include="external\include\imgui\imgui_tables.cpp">
      <Filter>external\include\imgui</Filter>
    </ClCompile>
    <ClCompile Include="engine\core\Globals.cpp">
      <Filter>src\engine\core</Filter>
    </ClCompile>
    <ClCompile Include="engine\core\events\InputManager.cpp">
      <Filter>src\engine\core\events</Filter>
    </ClCompile>
    <ClCompile Include="game\gameObjects\LightObject.cpp">
      <Filter>src\game\gameObjects</Filter>
    </ClCompile>
    <ClCompile Include="engine\Utility\LoadUtility.cpp">
      <Filter>src\engine\Utility</Filter>
    </ClCompile>
    <ClCompile Include="engine\core\Logger.cpp">
      <Filter>src\engine\core</Filter>
    </ClCompile>
    <ClCompile Include="engine\graphics\Mesh.cpp">
      <Filter>src\engine\graphics</Filter>
    </ClCompile>
    <ClCompile Include="engine\components\3D\MeshRenderer.cpp">
      <Filter>src\engine\components\3D</Filter>
    </ClCompile>
    <ClCompile Include="engine\graphics\Model.cpp">
      <Filter>src\engine\graphics</Filter>
    </ClCompile>
    <ClCompile Include="engine\core\resources\ShaderManager.cpp">
      <Filter>src\engine\core\resources</Filter>
    </ClCompile>
    <ClCompile Include="engine\core\resources\TextureManager.cpp">
      <Filter>src\engine\core\resources</Filter>
    </ClCompile>
    <ClCompile Include="engine\core\resources\ModelManager.cpp">
      <Filter>src\engine\core\resources</Filter>
    </ClCompile>
    <ClCompile Include="engine\core\events\MouseEventDispatcher.cpp">
      <Filter>src\engine\core\events</Filter>
    </ClCompile>
    <ClCompile Include="engine\core\events\MouseEventListener.cpp">
      <Filter>src\engine\core\events</Filter>
    </ClCompile>
    <ClCompile Include="engine\core\MouseRay.cpp">
      <Filter>src\engine\core</Filter>
    </ClCompile>
    <ClCompile Include="engine\core\3D\OctSpatialPartition.cpp">
      <Filter>src\engine\core\3D</Filter>
    </ClCompile>
    <ClCompile Include="engine\core\2D\Physics2D.cpp">
      <Filter>src\engine\core\2D</Filter>
    </ClCompile>
    <ClCompile Include="engine\core\3D\Physics\Physics3D.cpp">
      <Filter>src\engine\core\3D</Filter>
    </ClCompile>
    <ClCompile Include="engine\math\Ray.cpp">
      <Filter>src\engine\math</Filter>
    </ClCompile>
    <ClCompile Include="engine\math\Quaternion.cpp">
      <Filter>src\engine\math</Filter>
    </ClCompile>
    <ClCompile Include="engine\math\Plane.cpp">
      <Filter>src\engine\math</Filter>
    </ClCompile>
    <ClCompile Include="engine\primitives\PlaneObject.cpp">
      <Filter>src\engine\primitives</Filter>
    </ClCompile>
    <ClCompile Include="game\gameObjects\Player.cpp">
      <Filter>src\game\gameObjects</Filter>
    </ClCompile>
    <ClCompile Include="engine\core\resources\SaveFile.cpp">
      <Filter>src\engine\core\resources</Filter>
    </ClCompile>
    <ClCompile Include="engine\core\resources\SaveManager.cpp">
      <Filter>src\engine\core\resources</Filter>
    </ClCompile>
    <ClCompile Include="engine\Utility\SaveUtility.cpp">
      <Filter>src\engine\Utility</Filter>
    </ClCompile>
    <ClCompile Include="engine\graphics\Shader.cpp">
      <Filter>src\engine\graphics</Filter>
    </ClCompile>
    <ClCompile Include="engine\graphics\ShaderProgram.cpp">
      <Filter>src\engine\graphics</Filter>
    </ClCompile>
    <ClCompile Include="engine\rendering\Renderer.cpp">
      <Filter>src\engine\rendering</Filter>
    </ClCompile>
    <ClCompile Include="engine\components\3D\RigidBody3D.cpp">
      <Filter>src\engine\components\3D</Filter>
    </ClCompile>
    <ClCompile Include="engine\components\2D\RigidBodyComponent.cpp">
      <Filter>src\engine\components\2D</Filter>
    </ClCompile>
    <ClCompile Include="game\scenes\Scene2.cpp">
      <Filter>src\game\scenes</Filter>
    </ClCompile>
    <ClCompile Include="engine\core\scene\Scene.cpp">
      <Filter>src\engine\core\scene</Filter>
    </ClCompile>
    <ClCompile Include="engine\components\SceneGraph.cpp">
      <Filter>src\engine\components</Filter>
    </ClCompile>
    <ClCompile Include="engine\rendering\SkyBox.cpp">
      <Filter>src\engine\rendering</Filter>
    </ClCompile>
    <ClCompile Include="engine\rendering\Camera.cpp">
      <Filter>src\engine\rendering</Filter>
    </ClCompile>
    <ClCompile Include="engine\primitives\Sphere.cpp">
      <Filter>src\engine\primitives</Filter>
    </ClCompile>
    <ClCompile Include="game\gameObjects\TestModel.cpp">
      <Filter>src\game\gameObjects</Filter>
    </ClCompile>
    <ClCompile Include="engine\audio\SoundAttributes.cpp">
      <Filter>src\engine\audio</Filter>
    </ClCompile>
    <ClCompile Include="engine\components\2D\SpriteComponent.cpp">
      <Filter>src\engine\components\2D</Filter>
    </ClCompile>
    <ClCompile Include="external\include\tinyxml2\tinyxml2.cpp">
      <Filter>external\include\tinyxml2</Filter>
    </ClCompile>
    <ClCompile Include="engine\graphics\UIStatics.cpp">
      <Filter>src\engine\graphics</Filter>
    </ClCompile>
    <ClCompile Include="engine\components\Transform.cpp">
      <Filter>src\engine\components</Filter>
    </ClCompile>
    <ClCompile Include="engine\rendering\Water.cpp">
      <Filter>src\engine\rendering</Filter>
    </ClCompile>
    <ClCompile Include="engine\graphics\Texture.cpp">
      <Filter>src\engine\graphics</Filter>
    </ClCompile>
    <ClCompile Include="engine\components\AudioListenerComponent.cpp">
      <Filter>src\engine\components</Filter>
    </ClCompile>
    <ClCompile Include="engine\core\networking\ENetNetworkManager.cpp">
      <Filter>src\engine\core\networking</Filter>
    </ClCompile>
    <ClCompile Include="engine\math\VMath.cpp">
      <Filter>src\math</Filter>
    </ClCompile>
    <ClCompile Include="engine\primitives\Box.cpp" />
    <ClCompile Include="engine\primitives\PlaneObject.cpp" />
    <ClCompile Include="engine\primitives\Sphere.cpp" />
    <ClCompile Include="engine\rendering\Camera.cpp" />
    <ClCompile Include="engine\rendering\SkyBox.cpp" />
    <ClCompile Include="engine\rendering\Water.cpp" />
    <ClCompile Include="game\gameObjects\Bird.cpp" />
    <ClCompile Include="game\gameObjects\Grass.cpp" />
    <ClCompile Include="game\gameObjects\LightObject.cpp" />
    <ClCompile Include="game\gameObjects\Player.cpp" />
    <ClCompile Include="game\gameObjects\TestModel.cpp" />
    <ClCompile Include="engine\core\scene\Scene.cpp" />
    <ClCompile Include="game\scenes\Scene1.cpp">
      <Filter>src\scenes</Filter>
    </ClCompile>
    <ClCompile Include="game\scenes\Scene2.cpp" />
    <ClCompile Include="engine\core\MouseRay.cpp" />
    <ClCompile Include="engine\core\events\InputManager.cpp" />
    <ClCompile Include="engine\core\events\MouseEventDispatcher.cpp" />
    <ClCompile Include="engine\core\events\MouseEventListener.cpp" />
    <ClCompile Include="engine\rendering\Renderer.cpp" />
    <ClCompile Include="engine\core\resources\TextureManager.cpp" />
    <ClCompile Include="engine\core\resources\ShaderManager.cpp" />
    <ClCompile Include="engine\core\resources\ModelManager.cpp" />
    <ClCompile Include="engine\core\3D\OctSpatialPartition.cpp" />
    <ClCompile Include="engine\components\GameObject.cpp" />
    <ClCompile Include="engine\components\SceneGraph.cpp" />
    <ClCompile Include="engine\core\resources\SaveManager.cpp" />
    <ClCompile Include="engine\core\resources\SaveFile.cpp" />
    <ClCompile Include="engine\Utility\SaveUtility.cpp" />
    <ClCompile Include="engine\Utility\LoadUtility.cpp" />
    <ClCompile Include="engine\core\Globals.cpp" />
    <ClCompile Include="external\include\imgui\imgui_tables.cpp" />
    <ClCompile Include="external\include\imgui\imgui_stdlib.cpp" />
    <ClCompile Include="engine\graphics\UIStatics.cpp" />
    <ClCompile Include="engine\graphics\FrameBuffer.cpp" />
    <ClCompile Include="engine\core\scene\DefaultScene.cpp" />
    <ClCompile Include="engine\components\AI\AIComponent.cpp">
      <Filter>src\engine\components\AI</Filter>
    </ClCompile>
    <ClCompile Include="game\scenes\SceneAi.cpp">
      <Filter>src\game\scenes</Filter>
    </ClCompile>
    <ClCompile Include="engine\Primitives\Tetrahedron.cpp">
      <Filter>src\engine\primitives</Filter>
    </ClCompile>
    <ClCompile Include="engine\core\resources\CollisionDetection.cpp">
      <Filter>src\engine\components\3D</Filter>
    </ClCompile>
    <ClCompile Include="engine\core\resources\CollisionHandler.cpp">
      <Filter>src\engine\components\3D</Filter>
    </ClCompile>
    <ClCompile Include="engine\core\networking\NetworkManager.cpp">
      <Filter>src\engine\core\networking</Filter>
    </ClCompile>
    <ClCompile Include="game\gameObjects\AiGameObject.cpp">
      <Filter>src\game\gameObjects</Filter>
    </ClCompile>
    <ClCompile Include="engine\components\3D\LightComponent.cpp">
      <Filter>src\engine\components\3D</Filter>
    </ClCompile>
    <ClCompile Include="engine\components\Instancer.cpp">
      <Filter>src\engine\components\3D</Filter>
    </ClCompile>
    <ClCompile Include="engine\components\Instancer.cpp">
      <Filter>src\engine\components\3D</Filter>
    </ClCompile>
    <ClCompile Include="engine\components\3D\LineRenderer.cpp">
      <Filter>src\engine\components\3D</Filter>
    </ClCompile>
    <ClCompile Include="engine\components\Component.cpp">
      <Filter>src\engine\components</Filter>
    </ClCompile>
    <ClCompile Include="engine\components\AI\Algorithms\Pathfinding\DivisionAlgorithms.cpp">
      <Filter>src\engine\components\AI\Pathfinding</Filter>
    </ClCompile>
    <ClCompile Include="engine\components\AI\Algorithms\Pathfinding\Types\Graph.cpp">
      <Filter>src\engine\components\AI\Pathfinding</Filter>
    </ClCompile>
    <ClCompile Include="engine\components\AI\Algorithms\Pathfinding\PathingAlgorithms.cpp">
      <Filter>src\engine\components\AI\Pathfinding</Filter>
    </ClCompile>
    <ClCompile Include="engine\core\resources\AIDirector.cpp">
      <Filter>src\engine\core\resources</Filter>
    </ClCompile>
    <ClCompile Include="engine\components\AI\Algorithms\Steering\Dynamic.cpp">
      <Filter>src\engine\components\AI\Steering</Filter>
    </ClCompile>
    <ClCompile Include="engine\components\AI\Algorithms\Steering\Kinematic.cpp">
      <Filter>src\engine\components\AI\Steering</Filter>
    </ClCompile>
    <ClCompile Include="engine\components\AI\Algorithms\Steering\SteeringOutput.cpp">
      <Filter>src\engine\components\AI\Steering</Filter>
    </ClCompile>
    <ClCompile Include="engine\components\AI\Algorithms\Pathfinding\Types\Edge.cpp" />
    <ClCompile Include="engine\components\AI\Algorithms\Pathfinding\NavigationMesh.cpp" />
    <ClCompile Include="engine\core\3D\Physics\Collider3D.cpp" />
    <ClCompile Include="engine\core\3D\Physics\GJKDetection.cpp">
      <Filter>src\engine\core\3D</Filter>
    </ClCompile>
    <ClCompile Include="DecisionTreeNode.cpp" />
  </ItemGroup>
  <ItemGroup>
    <None Include=".gitignore" />
    <None Include="external\include\assimp\color4.inl">
      <Filter>external\include\assimp</Filter>
    </None>
    <None Include="external\include\assimp\material.inl">
      <Filter>external\include\assimp</Filter>
    </None>
    <None Include="external\include\assimp\matrix3x3.inl">
      <Filter>external\include\assimp</Filter>
    </None>
    <None Include="external\include\assimp\matrix4x4.inl">
      <Filter>external\include\assimp</Filter>
    </None>
    <None Include="external\include\assimp\quaternion.inl">
      <Filter>external\include\assimp</Filter>
    </None>
    <None Include="external\include\assimp\SmoothingGroups.inl">
      <Filter>external\include\assimp</Filter>
    </None>
    <None Include="external\include\assimp\vector2.inl">
      <Filter>external\include\assimp</Filter>
    </None>
    <None Include="external\include\assimp\vector3.inl">
      <Filter>external\include\assimp</Filter>
    </None>
    <None Include="resources\shaders\2DTextureFrag.glsl">
      <Filter>resources\shaders</Filter>
    </None>
    <None Include="resources\shaders\2DTextureVert.glsl">
      <Filter>resources\shaders</Filter>
    </None>
    <None Include="resources\shaders\DefaultFrag.glsl">
      <Filter>resources\shaders</Filter>
    </None>
    <None Include="resources\shaders\DefaultVert.glsl">
      <Filter>resources\shaders</Filter>
    </None>
    <None Include="resources\shaders\FogFrag.glsl">
      <Filter>resources\shaders</Filter>
    </None>
    <None Include="resources\shaders\FogVert.glsl">
      <Filter>resources\shaders</Filter>
    </None>
    <None Include="resources\shaders\gBufferResolveFrag.glsl">
      <Filter>resources\shaders</Filter>
    </None>
    <None Include="resources\shaders\gBufferResolveVert.glsl">
      <Filter>resources\shaders</Filter>
    </None>
    <None Include="resources\shaders\gBufferShaderFrag.glsl">
      <Filter>resources\shaders</Filter>
    </None>
    <None Include="resources\shaders\gBufferShaderVert.glsl">
      <Filter>resources\shaders</Filter>
    </None>
    <None Include="resources\shaders\GrassFrag.glsl">
      <Filter>resources\shaders</Filter>
    </None>
    <None Include="resources\shaders\GrassVert.glsl">
      <Filter>resources\shaders</Filter>
    </None>
    <None Include="resources\shaders\InstanceFrag.glsl">
      <Filter>resources\shaders</Filter>
    </None>
    <None Include="resources\shaders\InstanceVert.glsl">
      <Filter>resources\shaders</Filter>
    </None>
    <None Include="resources\shaders\RefractFrag.glsl">
      <Filter>resources\shaders</Filter>
    </None>
    <None Include="resources\shaders\RefractVert.glsl">
      <Filter>resources\shaders</Filter>
    </None>
    <None Include="resources\shaders\SkyBoxFrag.glsl">
      <Filter>resources\shaders</Filter>
    </None>
    <None Include="resources\shaders\SkyBoxVert.glsl">
      <Filter>resources\shaders</Filter>
    </None>
    <None Include="resources\shaders\WaterFrag.glsl">
      <Filter>resources\shaders</Filter>
    </None>
    <None Include="resources\shaders\WaterVert.glsl">
      <Filter>resources\shaders</Filter>
    </None>
    <None Include="resources\shaders\2DUIntTextureFrag.glsl">
      <Filter>resources\shaders</Filter>
    </None>
  </ItemGroup>
  <ItemGroup>
    <Library Include="external\lib\glew32.lib">
      <Filter>external\lib</Filter>
    </Library>
    <Library Include="external\lib\glew32s.lib">
      <Filter>external\lib</Filter>
    </Library>
    <Library Include="external\lib\SDL2.lib">
      <Filter>external\lib</Filter>
    </Library>
    <Library Include="external\lib\SDL2_image.lib">
      <Filter>external\lib</Filter>
    </Library>
    <Library Include="external\lib\SDL2main.lib">
      <Filter>external\lib</Filter>
    </Library>
    <Library Include="external\lib\SDL2test.lib">
      <Filter>external\lib</Filter>
    </Library>
    <Library Include="external\lib\assimp-vc142-mtd.lib">
      <Filter>external\lib</Filter>
    </Library>
    <Library Include="external\lib\fmodL_vc.lib">
      <Filter>external\lib</Filter>
    </Library>
  </ItemGroup>
</Project>